// !$*UTF8*$!
{
	archiveVersion = 1;
	classes = {
	};
	objectVersion = 46;
	objects = {

/* Begin PBXBuildFile section */
		403494921C35846700C35E15 /* Assets.xcassets in Resources */ = {isa = PBXBuildFile; fileRef = 403494911C35846700C35E15 /* Assets.xcassets */; };
		403494BD1C35851500C35E15 /* AppDelegate.m in Sources */ = {isa = PBXBuildFile; fileRef = 403494AF1C35851500C35E15 /* AppDelegate.m */; };
		403494BE1C35851500C35E15 /* DZYTabBarViewController.m in Sources */ = {isa = PBXBuildFile; fileRef = 403494B21C35851500C35E15 /* DZYTabBarViewController.m */; };
		403494BF1C35851500C35E15 /* main.m in Sources */ = {isa = PBXBuildFile; fileRef = 403494B31C35851500C35E15 /* main.m */; };
/* End PBXBuildFile section */

/* Begin PBXFileReference section */
		403494821C35846700C35E15 /* budejie.app */ = {isa = PBXFileReference; explicitFileType = wrapper.application; includeInIndex = 0; path = budejie.app; sourceTree = BUILT_PRODUCTS_DIR; };
		403494911C35846700C35E15 /* Assets.xcassets */ = {isa = PBXFileReference; lastKnownFileType = folder.assetcatalog; path = Assets.xcassets; sourceTree = "<group>"; };
		403494961C35846700C35E15 /* Info.plist */ = {isa = PBXFileReference; lastKnownFileType = text.plist.xml; path = Info.plist; sourceTree = "<group>"; };
		403494AE1C35851500C35E15 /* AppDelegate.h */ = {isa = PBXFileReference; fileEncoding = 4; lastKnownFileType = sourcecode.c.h; path = AppDelegate.h; sourceTree = "<group>"; };
		403494AF1C35851500C35E15 /* AppDelegate.m */ = {isa = PBXFileReference; fileEncoding = 4; lastKnownFileType = sourcecode.c.objc; path = AppDelegate.m; sourceTree = "<group>"; };
		403494B11C35851500C35E15 /* DZYTabBarViewController.h */ = {isa = PBXFileReference; fileEncoding = 4; lastKnownFileType = sourcecode.c.h; path = DZYTabBarViewController.h; sourceTree = "<group>"; };
		403494B21C35851500C35E15 /* DZYTabBarViewController.m */ = {isa = PBXFileReference; fileEncoding = 4; lastKnownFileType = sourcecode.c.objc; path = DZYTabBarViewController.m; sourceTree = "<group>"; };
		403494B31C35851500C35E15 /* main.m */ = {isa = PBXFileReference; fileEncoding = 4; lastKnownFileType = sourcecode.c.objc; path = main.m; sourceTree = "<group>"; };
/* End PBXFileReference section */

/* Begin PBXFrameworksBuildPhase section */
		4034947F1C35846700C35E15 /* Frameworks */ = {
			isa = PBXFrameworksBuildPhase;
			buildActionMask = 2147483647;
			files = (
			);
			runOnlyForDeploymentPostprocessing = 0;
		};
/* End PBXFrameworksBuildPhase section */

/* Begin PBXGroup section */
		403494791C35846700C35E15 = {
			isa = PBXGroup;
			children = (
				403494841C35846700C35E15 /* budejie */,
				403494831C35846700C35E15 /* Products */,
			);
			sourceTree = "<group>";
		};
		403494831C35846700C35E15 /* Products */ = {
			isa = PBXGroup;
			children = (
				403494821C35846700C35E15 /* budejie.app */,
			);
			name = Products;
			sourceTree = "<group>";
		};
		403494841C35846700C35E15 /* budejie */ = {
			isa = PBXGroup;
			children = (
				4034949C1C35851500C35E15 /* Classes */,
				403494911C35846700C35E15 /* Assets.xcassets */,
				403494961C35846700C35E15 /* Info.plist */,
				403494851C35846700C35E15 /* Supporting Files */,
			);
			path = budejie;
			sourceTree = "<group>";
		};
		403494851C35846700C35E15 /* Supporting Files */ = {
			isa = PBXGroup;
			children = (
			);
			name = "Supporting Files";
			sourceTree = "<group>";
		};
		4034949C1C35851500C35E15 /* Classes */ = {
			isa = PBXGroup;
			children = (
				4034949D1C35851500C35E15 /* Essence(精华) */,
				403494A11C35851500C35E15 /* FriendTrends(关注) */,
				403494A51C35851500C35E15 /* Me(我) */,
				403494A91C35851500C35E15 /* New(新帖) */,
				403494AD1C35851500C35E15 /* Other(其它) */,
				403494B61C35851500C35E15 /* Public(公共库) */,
				403494B91C35851500C35E15 /* Publish(发布) */,
			);
			path = Classes;
			sourceTree = "<group>";
		};
		4034949D1C35851500C35E15 /* Essence(精华) */ = {
			isa = PBXGroup;
			children = (
				4034949E1C35851500C35E15 /* Controller */,
				4034949F1C35851500C35E15 /* Model */,
				403494A01C35851500C35E15 /* View */,
			);
			path = "Essence(精华)";
			sourceTree = "<group>";
		};
		4034949E1C35851500C35E15 /* Controller */ = {
			isa = PBXGroup;
			children = (
			);
			path = Controller;
			sourceTree = "<group>";
		};
		4034949F1C35851500C35E15 /* Model */ = {
			isa = PBXGroup;
			children = (
			);
			path = Model;
			sourceTree = "<group>";
		};
		403494A01C35851500C35E15 /* View */ = {
			isa = PBXGroup;
			children = (
			);
			path = View;
			sourceTree = "<group>";
		};
		403494A11C35851500C35E15 /* FriendTrends(关注) */ = {
			isa = PBXGroup;
			children = (
				403494A21C35851500C35E15 /* Controller */,
				403494A31C35851500C35E15 /* Model */,
				403494A41C35851500C35E15 /* View */,
			);
			path = "FriendTrends(关注)";
			sourceTree = "<group>";
		};
		403494A21C35851500C35E15 /* Controller */ = {
			isa = PBXGroup;
			children = (
			);
			path = Controller;
			sourceTree = "<group>";
		};
		403494A31C35851500C35E15 /* Model */ = {
			isa = PBXGroup;
			children = (
			);
			path = Model;
			sourceTree = "<group>";
		};
		403494A41C35851500C35E15 /* View */ = {
			isa = PBXGroup;
			children = (
			);
			path = View;
			sourceTree = "<group>";
		};
		403494A51C35851500C35E15 /* Me(我) */ = {
			isa = PBXGroup;
			children = (
				403494A61C35851500C35E15 /* Controller */,
				403494A71C35851500C35E15 /* Model */,
				403494A81C35851500C35E15 /* View */,
			);
			path = "Me(我)";
			sourceTree = "<group>";
		};
		403494A61C35851500C35E15 /* Controller */ = {
			isa = PBXGroup;
			children = (
			);
			path = Controller;
			sourceTree = "<group>";
		};
		403494A71C35851500C35E15 /* Model */ = {
			isa = PBXGroup;
			children = (
			);
			path = Model;
			sourceTree = "<group>";
		};
		403494A81C35851500C35E15 /* View */ = {
			isa = PBXGroup;
			children = (
			);
			path = View;
			sourceTree = "<group>";
		};
		403494A91C35851500C35E15 /* New(新帖) */ = {
			isa = PBXGroup;
			children = (
				403494AA1C35851500C35E15 /* Controller */,
				403494AB1C35851500C35E15 /* Model */,
				403494AC1C35851500C35E15 /* View */,
			);
			path = "New(新帖)";
			sourceTree = "<group>";
		};
		403494AA1C35851500C35E15 /* Controller */ = {
			isa = PBXGroup;
			children = (
			);
			path = Controller;
			sourceTree = "<group>";
		};
		403494AB1C35851500C35E15 /* Model */ = {
			isa = PBXGroup;
			children = (
			);
			path = Model;
			sourceTree = "<group>";
		};
		403494AC1C35851500C35E15 /* View */ = {
			isa = PBXGroup;
			children = (
			);
			path = View;
			sourceTree = "<group>";
		};
		403494AD1C35851500C35E15 /* Other(其它) */ = {
			isa = PBXGroup;
			children = (
				403494AE1C35851500C35E15 /* AppDelegate.h */,
				403494AF1C35851500C35E15 /* AppDelegate.m */,
				403494B01C35851500C35E15 /* Controller */,
				403494B31C35851500C35E15 /* main.m */,
				403494B41C35851500C35E15 /* Model */,
				403494B51C35851500C35E15 /* View */,
			);
			path = "Other(其它)";
			sourceTree = "<group>";
		};
		403494B01C35851500C35E15 /* Controller */ = {
			isa = PBXGroup;
			children = (
				403494B11C35851500C35E15 /* DZYTabBarViewController.h */,
				403494B21C35851500C35E15 /* DZYTabBarViewController.m */,
			);
			path = Controller;
			sourceTree = "<group>";
		};
		403494B41C35851500C35E15 /* Model */ = {
			isa = PBXGroup;
			children = (
			);
			path = Model;
			sourceTree = "<group>";
		};
		403494B51C35851500C35E15 /* View */ = {
			isa = PBXGroup;
			children = (
			);
			path = View;
			sourceTree = "<group>";
		};
		403494B61C35851500C35E15 /* Public(公共库) */ = {
			isa = PBXGroup;
			children = (
				403494B71C35851500C35E15 /* Category */,
				403494B81C35851500C35E15 /* HttpTool */,
			);
			path = "Public(公共库)";
			sourceTree = "<group>";
		};
		403494B71C35851500C35E15 /* Category */ = {
			isa = PBXGroup;
			children = (
			);
			path = Category;
			sourceTree = "<group>";
		};
		403494B81C35851500C35E15 /* HttpTool */ = {
			isa = PBXGroup;
			children = (
			);
			path = HttpTool;
			sourceTree = "<group>";
		};
		403494B91C35851500C35E15 /* Publish(发布) */ = {
			isa = PBXGroup;
			children = (
				403494BA1C35851500C35E15 /* Controller */,
				403494BB1C35851500C35E15 /* Model */,
				403494BC1C35851500C35E15 /* View */,
			);
			path = "Publish(发布)";
			sourceTree = "<group>";
		};
		403494BA1C35851500C35E15 /* Controller */ = {
			isa = PBXGroup;
			children = (
			);
			path = Controller;
			sourceTree = "<group>";
		};
		403494BB1C35851500C35E15 /* Model */ = {
			isa = PBXGroup;
			children = (
			);
			path = Model;
			sourceTree = "<group>";
		};
		403494BC1C35851500C35E15 /* View */ = {
			isa = PBXGroup;
			children = (
			);
			path = View;
			sourceTree = "<group>";
		};
/* End PBXGroup section */

/* Begin PBXNativeTarget section */
		403494811C35846700C35E15 /* budejie */ = {
			isa = PBXNativeTarget;
			buildConfigurationList = 403494991C35846700C35E15 /* Build configuration list for PBXNativeTarget "budejie" */;
			buildPhases = (
				4034947E1C35846700C35E15 /* Sources */,
				4034947F1C35846700C35E15 /* Frameworks */,
				403494801C35846700C35E15 /* Resources */,
			);
			buildRules = (
			);
			dependencies = (
			);
			name = budejie;
			productName = budejie;
			productReference = 403494821C35846700C35E15 /* budejie.app */;
			productType = "com.apple.product-type.application";
		};
/* End PBXNativeTarget section */

/* Begin PBXProject section */
		4034947A1C35846700C35E15 /* Project object */ = {
			isa = PBXProject;
			attributes = {
				LastUpgradeCheck = 0720;
				ORGANIZATIONNAME = "董震宇";
				TargetAttributes = {
					403494811C35846700C35E15 = {
						CreatedOnToolsVersion = 7.2;
						DevelopmentTeam = L7KAY96456;
					};
				};
			};
			buildConfigurationList = 4034947D1C35846700C35E15 /* Build configuration list for PBXProject "budejie" */;
			compatibilityVersion = "Xcode 3.2";
			developmentRegion = English;
			hasScannedForEncodings = 0;
			knownRegions = (
				en,
				Base,
			);
			mainGroup = 403494791C35846700C35E15;
			productRefGroup = 403494831C35846700C35E15 /* Products */;
			projectDirPath = "";
			projectRoot = "";
			targets = (
				403494811C35846700C35E15 /* budejie */,
			);
		};
/* End PBXProject section */

/* Begin PBXResourcesBuildPhase section */
		403494801C35846700C35E15 /* Resources */ = {
			isa = PBXResourcesBuildPhase;
			buildActionMask = 2147483647;
			files = (
				403494921C35846700C35E15 /* Assets.xcassets in Resources */,
			);
			runOnlyForDeploymentPostprocessing = 0;
		};
/* End PBXResourcesBuildPhase section */

/* Begin PBXSourcesBuildPhase section */
		4034947E1C35846700C35E15 /* Sources */ = {
			isa = PBXSourcesBuildPhase;
			buildActionMask = 2147483647;
			files = (
				403494BD1C35851500C35E15 /* AppDelegate.m in Sources */,
				403494BE1C35851500C35E15 /* DZYTabBarViewController.m in Sources */,
				403494BF1C35851500C35E15 /* main.m in Sources */,
			);
			runOnlyForDeploymentPostprocessing = 0;
		};
/* End PBXSourcesBuildPhase section */

/* Begin XCBuildConfiguration section */
		403494971C35846700C35E15 /* Debug */ = {
			isa = XCBuildConfiguration;
			buildSettings = {
				ALWAYS_SEARCH_USER_PATHS = NO;
				CLANG_CXX_LANGUAGE_STANDARD = "gnu++0x";
				CLANG_CXX_LIBRARY = "libc++";
				CLANG_ENABLE_MODULES = YES;
				CLANG_ENABLE_OBJC_ARC = YES;
				CLANG_WARN_BOOL_CONVERSION = YES;
				CLANG_WARN_CONSTANT_CONVERSION = YES;
				CLANG_WARN_DIRECT_OBJC_ISA_USAGE = YES_ERROR;
				CLANG_WARN_EMPTY_BODY = YES;
				CLANG_WARN_ENUM_CONVERSION = YES;
				CLANG_WARN_INT_CONVERSION = YES;
				CLANG_WARN_OBJC_ROOT_CLASS = YES_ERROR;
				CLANG_WARN_UNREACHABLE_CODE = YES;
				CLANG_WARN__DUPLICATE_METHOD_MATCH = YES;
				"CODE_SIGN_IDENTITY[sdk=iphoneos*]" = "iPhone Developer";
				COPY_PHASE_STRIP = NO;
				DEBUG_INFORMATION_FORMAT = dwarf;
				ENABLE_STRICT_OBJC_MSGSEND = YES;
				ENABLE_TESTABILITY = YES;
				GCC_C_LANGUAGE_STANDARD = gnu99;
				GCC_DYNAMIC_NO_PIC = NO;
				GCC_NO_COMMON_BLOCKS = YES;
				GCC_OPTIMIZATION_LEVEL = 0;
				GCC_PREPROCESSOR_DEFINITIONS = (
					"DEBUG=1",
					"$(inherited)",
				);
				GCC_WARN_64_TO_32_BIT_CONVERSION = YES;
				GCC_WARN_ABOUT_RETURN_TYPE = YES_ERROR;
				GCC_WARN_UNDECLARED_SELECTOR = YES;
				GCC_WARN_UNINITIALIZED_AUTOS = YES_AGGRESSIVE;
				GCC_WARN_UNUSED_FUNCTION = YES;
				GCC_WARN_UNUSED_VARIABLE = YES;
				IPHONEOS_DEPLOYMENT_TARGET = 7.1;
				MTL_ENABLE_DEBUG_INFO = YES;
				ONLY_ACTIVE_ARCH = YES;
				SDKROOT = iphoneos;
			};
			name = Debug;
		};
		403494981C35846700C35E15 /* Release */ = {
			isa = XCBuildConfiguration;
			buildSettings = {
				ALWAYS_SEARCH_USER_PATHS = NO;
				CLANG_CXX_LANGUAGE_STANDARD = "gnu++0x";
				CLANG_CXX_LIBRARY = "libc++";
				CLANG_ENABLE_MODULES = YES;
				CLANG_ENABLE_OBJC_ARC = YES;
				CLANG_WARN_BOOL_CONVERSION = YES;
				CLANG_WARN_CONSTANT_CONVERSION = YES;
				CLANG_WARN_DIRECT_OBJC_ISA_USAGE = YES_ERROR;
				CLANG_WARN_EMPTY_BODY = YES;
				CLANG_WARN_ENUM_CONVERSION = YES;
				CLANG_WARN_INT_CONVERSION = YES;
				CLANG_WARN_OBJC_ROOT_CLASS = YES_ERROR;
				CLANG_WARN_UNREACHABLE_CODE = YES;
				CLANG_WARN__DUPLICATE_METHOD_MATCH = YES;
				"CODE_SIGN_IDENTITY[sdk=iphoneos*]" = "iPhone Developer";
				COPY_PHASE_STRIP = NO;
				DEBUG_INFORMATION_FORMAT = "dwarf-with-dsym";
				ENABLE_NS_ASSERTIONS = NO;
				ENABLE_STRICT_OBJC_MSGSEND = YES;
				GCC_C_LANGUAGE_STANDARD = gnu99;
				GCC_NO_COMMON_BLOCKS = YES;
				GCC_WARN_64_TO_32_BIT_CONVERSION = YES;
				GCC_WARN_ABOUT_RETURN_TYPE = YES_ERROR;
				GCC_WARN_UNDECLARED_SELECTOR = YES;
				GCC_WARN_UNINITIALIZED_AUTOS = YES_AGGRESSIVE;
				GCC_WARN_UNUSED_FUNCTION = YES;
				GCC_WARN_UNUSED_VARIABLE = YES;
				IPHONEOS_DEPLOYMENT_TARGET = 7.1;
				MTL_ENABLE_DEBUG_INFO = NO;
				SDKROOT = iphoneos;
				VALIDATE_PRODUCT = YES;
			};
			name = Release;
		};
		4034949A1C35846700C35E15 /* Debug */ = {
			isa = XCBuildConfiguration;
			buildSettings = {
				ASSETCATALOG_COMPILER_APPICON_NAME = AppIcon;
				INFOPLIST_FILE = budejie/Info.plist;
				LD_RUNPATH_SEARCH_PATHS = "$(inherited) @executable_path/Frameworks";
				PRODUCT_BUNDLE_IDENTIFIER = com.hehemian.budejie;
				PRODUCT_NAME = "$(TARGET_NAME)";
			};
			name = Debug;
		};
		4034949B1C35846700C35E15 /* Release */ = {
			isa = XCBuildConfiguration;
			buildSettings = {
				ASSETCATALOG_COMPILER_APPICON_NAME = AppIcon;
				INFOPLIST_FILE = budejie/Info.plist;
				LD_RUNPATH_SEARCH_PATHS = "$(inherited) @executable_path/Frameworks";
				PRODUCT_BUNDLE_IDENTIFIER = com.hehemian.budejie;
				PRODUCT_NAME = "$(TARGET_NAME)";
			};
			name = Release;
		};
/* End XCBuildConfiguration section */

/* Begin XCConfigurationList section */
		4034947D1C35846700C35E15 /* Build configuration list for PBXProject "budejie" */ = {
			isa = XCConfigurationList;
			buildConfigurations = (
				403494971C35846700C35E15 /* Debug */,
				403494981C35846700C35E15 /* Release */,
			);
			defaultConfigurationIsVisible = 0;
			defaultConfigurationName = Release;
		};
		403494991C35846700C35E15 /* Build configuration list for PBXNativeTarget "budejie" */ = {
			isa = XCConfigurationList;
			buildConfigurations = (
				4034949A1C35846700C35E15 /* Debug */,
				4034949B1C35846700C35E15 /* Release */,
			);
			defaultConfigurationIsVisible = 0;
		};
/* End XCConfigurationList section */
	};
	rootObject = 4034947A1C35846700C35E15 /* Project object */;
}
