// !$*UTF8*$!
{
	archiveVersion = 1;
	classes = {
	};
	objectVersion = 46;
	objects = {

/* Begin PBXBuildFile section */
		4000A4B01C490C1900F29E19 /* UIScrollView+DDBackTop.m in Sources */ = {isa = PBXBuildFile; fileRef = 4000A4AD1C490C1900F29E19 /* UIScrollView+DDBackTop.m */; };
		4000A4B11C490C1900F29E19 /* DDBackTopButton.m in Sources */ = {isa = PBXBuildFile; fileRef = 4000A4AF1C490C1900F29E19 /* DDBackTopButton.m */; };
		4000A4B61C490C3F00F29E19 /* fx_top_normal@2x.png in Resources */ = {isa = PBXBuildFile; fileRef = 4000A4B21C490C3F00F29E19 /* fx_top_normal@2x.png */; };
		4000A4B71C490C3F00F29E19 /* fx_top_normal@3x.png in Resources */ = {isa = PBXBuildFile; fileRef = 4000A4B31C490C3F00F29E19 /* fx_top_normal@3x.png */; };
		4000A4B81C490C3F00F29E19 /* fx_top_pressed@2x.png in Resources */ = {isa = PBXBuildFile; fileRef = 4000A4B41C490C3F00F29E19 /* fx_top_pressed@2x.png */; };
		4000A4B91C490C3F00F29E19 /* fx_top_pressed@3x.png in Resources */ = {isa = PBXBuildFile; fileRef = 4000A4B51C490C3F00F29E19 /* fx_top_pressed@3x.png */; };
		4001F2231C512AAA00C4E00C /* DZYTextField.m in Sources */ = {isa = PBXBuildFile; fileRef = 4001F2221C512AAA00C4E00C /* DZYTextField.m */; };
		401A5E531C451CF600F913C6 /* DZYTopicCell.m in Sources */ = {isa = PBXBuildFile; fileRef = 401A5E511C451CF600F913C6 /* DZYTopicCell.m */; };
		401A5E541C451CF600F913C6 /* DZYTopicCell.xib in Resources */ = {isa = PBXBuildFile; fileRef = 401A5E521C451CF600F913C6 /* DZYTopicCell.xib */; };
		401A5E571C4528F300F913C6 /* UIImageView+Header.m in Sources */ = {isa = PBXBuildFile; fileRef = 401A5E561C4528F300F913C6 /* UIImageView+Header.m */; };
		401A5E5A1C4671BD00F913C6 /* NSCalendar+Init.m in Sources */ = {isa = PBXBuildFile; fileRef = 401A5E591C4671BD00F913C6 /* NSCalendar+Init.m */; };
		401A5E5D1C46725400F913C6 /* NSDate+Interval.m in Sources */ = {isa = PBXBuildFile; fileRef = 401A5E5C1C46725400F913C6 /* NSDate+Interval.m */; };
		401C121E1C4E2274006C4690 /* DZYPublishButton.m in Sources */ = {isa = PBXBuildFile; fileRef = 401C121D1C4E2274006C4690 /* DZYPublishButton.m */; };
		401C12211C4E4CB9006C4690 /* DZYPostWordViewController.m in Sources */ = {isa = PBXBuildFile; fileRef = 401C12201C4E4CB9006C4690 /* DZYPostWordViewController.m */; };
		401C12241C4E59B8006C4690 /* DZYPlaceholderTextView.m in Sources */ = {isa = PBXBuildFile; fileRef = 401C12231C4E59B8006C4690 /* DZYPlaceholderTextView.m */; };
		401C12271C4E8B6F006C4690 /* DZYPostWordToolBar.m in Sources */ = {isa = PBXBuildFile; fileRef = 401C12261C4E8B6F006C4690 /* DZYPostWordToolBar.m */; };
		401C12291C4E8B85006C4690 /* DZYPostWordToolBar.xib in Resources */ = {isa = PBXBuildFile; fileRef = 401C12281C4E8B85006C4690 /* DZYPostWordToolBar.xib */; };
		401C122C1C4EA15B006C4690 /* DZYAddTagViewController.m in Sources */ = {isa = PBXBuildFile; fileRef = 401C122B1C4EA15B006C4690 /* DZYAddTagViewController.m */; };
		402C0D8F1C409DB9007126B8 /* DZYAllViewController.m in Sources */ = {isa = PBXBuildFile; fileRef = 402C0D8E1C409DB9007126B8 /* DZYAllViewController.m */; };
		402C0D921C409DE6007126B8 /* DZYVideoViewController.m in Sources */ = {isa = PBXBuildFile; fileRef = 402C0D911C409DE6007126B8 /* DZYVideoViewController.m */; };
		402C0D951C409E01007126B8 /* DZYVoiceViewController.m in Sources */ = {isa = PBXBuildFile; fileRef = 402C0D941C409E01007126B8 /* DZYVoiceViewController.m */; };
		402C0D981C409E0F007126B8 /* DZYPictureViewController.m in Sources */ = {isa = PBXBuildFile; fileRef = 402C0D971C409E0F007126B8 /* DZYPictureViewController.m */; };
		402C0D9B1C409E17007126B8 /* DZYWordViewController.m in Sources */ = {isa = PBXBuildFile; fileRef = 402C0D9A1C409E17007126B8 /* DZYWordViewController.m */; };
		402C0DC11C412F66007126B8 /* DZYTopicModel.m in Sources */ = {isa = PBXBuildFile; fileRef = 402C0DC01C412F66007126B8 /* DZYTopicModel.m */; };
		403494921C35846700C35E15 /* Assets.xcassets in Resources */ = {isa = PBXBuildFile; fileRef = 403494911C35846700C35E15 /* Assets.xcassets */; };
		403494BD1C35851500C35E15 /* AppDelegate.m in Sources */ = {isa = PBXBuildFile; fileRef = 403494AF1C35851500C35E15 /* AppDelegate.m */; };
		403494BE1C35851500C35E15 /* DZYTabBarViewController.m in Sources */ = {isa = PBXBuildFile; fileRef = 403494B21C35851500C35E15 /* DZYTabBarViewController.m */; };
		403494BF1C35851500C35E15 /* main.m in Sources */ = {isa = PBXBuildFile; fileRef = 403494B31C35851500C35E15 /* main.m */; };
		403494C31C358C5100C35E15 /* UIColor+Hex.m in Sources */ = {isa = PBXBuildFile; fileRef = 403494C21C358C5100C35E15 /* UIColor+Hex.m */; };
		403494C61C358C5C00C35E15 /* UIImage+Image.m in Sources */ = {isa = PBXBuildFile; fileRef = 403494C51C358C5C00C35E15 /* UIImage+Image.m */; };
		403494C91C358F3700C35E15 /* DZYEssenceViewController.m in Sources */ = {isa = PBXBuildFile; fileRef = 403494C81C358F3700C35E15 /* DZYEssenceViewController.m */; };
		403494CC1C358F4B00C35E15 /* DZYFriendTrendsViewController.m in Sources */ = {isa = PBXBuildFile; fileRef = 403494CB1C358F4B00C35E15 /* DZYFriendTrendsViewController.m */; };
		403494CF1C358F5B00C35E15 /* DZYMeViewController.m in Sources */ = {isa = PBXBuildFile; fileRef = 403494CE1C358F5B00C35E15 /* DZYMeViewController.m */; };
		403494D21C358F6B00C35E15 /* DZYNewViewController.m in Sources */ = {isa = PBXBuildFile; fileRef = 403494D11C358F6B00C35E15 /* DZYNewViewController.m */; };
		403494D51C358F7800C35E15 /* DZYPublishViewController.m in Sources */ = {isa = PBXBuildFile; fileRef = 403494D41C358F7800C35E15 /* DZYPublishViewController.m */; };
		403494D81C35964F00C35E15 /* DZYTabBar.m in Sources */ = {isa = PBXBuildFile; fileRef = 403494D71C35964F00C35E15 /* DZYTabBar.m */; };
		403494DB1C359A2C00C35E15 /* UIView+DZYExtension.m in Sources */ = {isa = PBXBuildFile; fileRef = 403494DA1C359A2C00C35E15 /* UIView+DZYExtension.m */; };
		40364CF61C4D07B80019B3F0 /* DZYSeeBigPictureViewController.m in Sources */ = {isa = PBXBuildFile; fileRef = 40364CF41C4D07B80019B3F0 /* DZYSeeBigPictureViewController.m */; };
		40364CF71C4D07B80019B3F0 /* DZYSeeBigPictureViewController.xib in Resources */ = {isa = PBXBuildFile; fileRef = 40364CF51C4D07B80019B3F0 /* DZYSeeBigPictureViewController.xib */; };
		40364CFA1C4D19340019B3F0 /* DZYTopicViewController.m in Sources */ = {isa = PBXBuildFile; fileRef = 40364CF91C4D19340019B3F0 /* DZYTopicViewController.m */; };
		40364D031C4D2D700019B3F0 /* DZYHeader.m in Sources */ = {isa = PBXBuildFile; fileRef = 40364D021C4D2D700019B3F0 /* DZYHeader.m */; };
		40364D091C4D34110019B3F0 /* DZYFooter.m in Sources */ = {isa = PBXBuildFile; fileRef = 40364D081C4D34110019B3F0 /* DZYFooter.m */; };
		40364D0B1C4D5CD00019B3F0 /* DZYPublishViewController.xib in Resources */ = {isa = PBXBuildFile; fileRef = 40364D0A1C4D5CD00019B3F0 /* DZYPublishViewController.xib */; };
		40377E891C74A9F800FB1E64 /* DZYCommentCell.m in Sources */ = {isa = PBXBuildFile; fileRef = 40377E871C74A9F800FB1E64 /* DZYCommentCell.m */; };
		40377E8A1C74A9F800FB1E64 /* DZYCommentCell.xib in Resources */ = {isa = PBXBuildFile; fileRef = 40377E881C74A9F800FB1E64 /* DZYCommentCell.xib */; };
		4071AF471C4BE4BA0045044C /* DZYTopicPictureView.m in Sources */ = {isa = PBXBuildFile; fileRef = 4071AF461C4BE4BA0045044C /* DZYTopicPictureView.m */; };
		4071AF491C4BE4CC0045044C /* DZYTopicPictureView.xib in Resources */ = {isa = PBXBuildFile; fileRef = 4071AF481C4BE4CC0045044C /* DZYTopicPictureView.xib */; };
		4071AF4C1C4BE5040045044C /* DZYTopicVoiceView.m in Sources */ = {isa = PBXBuildFile; fileRef = 4071AF4B1C4BE5040045044C /* DZYTopicVoiceView.m */; };
		4071AF4E1C4BE50D0045044C /* DZYTopicVoiceView.xib in Resources */ = {isa = PBXBuildFile; fileRef = 4071AF4D1C4BE50D0045044C /* DZYTopicVoiceView.xib */; };
		4071AF511C4BE5310045044C /* DZYTopicVideoView.m in Sources */ = {isa = PBXBuildFile; fileRef = 4071AF501C4BE5310045044C /* DZYTopicVideoView.m */; };
		4071AF531C4BE53A0045044C /* DZYTopicVideoView.xib in Resources */ = {isa = PBXBuildFile; fileRef = 4071AF521C4BE53A0045044C /* DZYTopicVideoView.xib */; };
		4071AF561C4BE9DD0045044C /* UIImageView+Download.m in Sources */ = {isa = PBXBuildFile; fileRef = 4071AF551C4BE9DD0045044C /* UIImageView+Download.m */; };
		4079B5D41C4FDE370061B210 /* DZYTagButton.m in Sources */ = {isa = PBXBuildFile; fileRef = 4079B5D31C4FDE370061B210 /* DZYTagButton.m */; };
		40810CA71C3AD0A00080A9FA /* MBProgressHUD+MJ.m in Sources */ = {isa = PBXBuildFile; fileRef = 40810CA61C3AD0A00080A9FA /* MBProgressHUD+MJ.m */; };
		40810CAA1C3AD0EE0080A9FA /* NSString+Extension.m in Sources */ = {isa = PBXBuildFile; fileRef = 40810CA91C3AD0EE0080A9FA /* NSString+Extension.m */; };
		4081ABC91C3DFBB800A6D86D /* DZYLoginRegisterView.m in Sources */ = {isa = PBXBuildFile; fileRef = 4081ABC81C3DFBB800A6D86D /* DZYLoginRegisterView.m */; };
		4081ABCB1C3DFBCE00A6D86D /* DZYLoginRegisterView.xib in Resources */ = {isa = PBXBuildFile; fileRef = 4081ABCA1C3DFBCE00A6D86D /* DZYLoginRegisterView.xib */; };
		40880D661C3B593500BB34BE /* DZYSubTagViewController.m in Sources */ = {isa = PBXBuildFile; fileRef = 40880D651C3B593500BB34BE /* DZYSubTagViewController.m */; };
		40880D691C3B5FD300BB34BE /* DZYTagModel.m in Sources */ = {isa = PBXBuildFile; fileRef = 40880D681C3B5FD300BB34BE /* DZYTagModel.m */; };
		40880D6D1C3B698600BB34BE /* DZYTagCell.m in Sources */ = {isa = PBXBuildFile; fileRef = 40880D6B1C3B698600BB34BE /* DZYTagCell.m */; };
		40880D6E1C3B698600BB34BE /* DZYTagCell.xib in Resources */ = {isa = PBXBuildFile; fileRef = 40880D6C1C3B698600BB34BE /* DZYTagCell.xib */; };
		40880D701C3B9C3100BB34BE /* DZYFriendTrendsViewController.xib in Resources */ = {isa = PBXBuildFile; fileRef = 40880D6F1C3B9C3100BB34BE /* DZYFriendTrendsViewController.xib */; };
		40880D9C1C3BA70200BB34BE /* DZYLoginRegisterViewController.m in Sources */ = {isa = PBXBuildFile; fileRef = 40880D9A1C3BA70200BB34BE /* DZYLoginRegisterViewController.m */; };
		40880D9D1C3BA70200BB34BE /* DZYLoginRegisterViewController.xib in Resources */ = {isa = PBXBuildFile; fileRef = 40880D9B1C3BA70200BB34BE /* DZYLoginRegisterViewController.xib */; };
		408A87A51C394516006D0908 /* HttpRequest.m in Sources */ = {isa = PBXBuildFile; fileRef = 408A87A41C394516006D0908 /* HttpRequest.m */; };
		409C20831C57346F00B3CA9C /* DZYRecommentFollowViewController.m in Sources */ = {isa = PBXBuildFile; fileRef = 409C20811C57346F00B3CA9C /* DZYRecommentFollowViewController.m */; };
		409C20841C57346F00B3CA9C /* DZYRecommentFollowViewController.xib in Resources */ = {isa = PBXBuildFile; fileRef = 409C20821C57346F00B3CA9C /* DZYRecommentFollowViewController.xib */; };
		409C20881C57398A00B3CA9C /* DZYCategroyCell.m in Sources */ = {isa = PBXBuildFile; fileRef = 409C20861C57398A00B3CA9C /* DZYCategroyCell.m */; };
		409C20891C57398A00B3CA9C /* DZYCategroyCell.xib in Resources */ = {isa = PBXBuildFile; fileRef = 409C20871C57398A00B3CA9C /* DZYCategroyCell.xib */; };
		409C208D1C573C1C00B3CA9C /* DZYUserCell.m in Sources */ = {isa = PBXBuildFile; fileRef = 409C208B1C573C1C00B3CA9C /* DZYUserCell.m */; };
		409C208E1C573C1C00B3CA9C /* DZYUserCell.xib in Resources */ = {isa = PBXBuildFile; fileRef = 409C208C1C573C1C00B3CA9C /* DZYUserCell.xib */; };
		40A143251C3E82AD00367AAA /* DZYFastLoginView.m in Sources */ = {isa = PBXBuildFile; fileRef = 40A143241C3E82AD00367AAA /* DZYFastLoginView.m */; };
		40A143271C3E82CF00367AAA /* DZYFastLoginView.xib in Resources */ = {isa = PBXBuildFile; fileRef = 40A143261C3E82CF00367AAA /* DZYFastLoginView.xib */; };
		40A1432A1C3E870800367AAA /* DZYFastLoginButton.m in Sources */ = {isa = PBXBuildFile; fileRef = 40A143291C3E870800367AAA /* DZYFastLoginButton.m */; };
		40A1432D1C3E89D000367AAA /* DZYInputTextField.m in Sources */ = {isa = PBXBuildFile; fileRef = 40A1432C1C3E89D000367AAA /* DZYInputTextField.m */; };
		40A143301C3EA67500367AAA /* UITextField+Placeholder.m in Sources */ = {isa = PBXBuildFile; fileRef = 40A1432F1C3EA67500367AAA /* UITextField+Placeholder.m */; };
		40A143321C3EADDE00367AAA /* DZYMeViewController.storyboard in Resources */ = {isa = PBXBuildFile; fileRef = 40A143311C3EADDE00367AAA /* DZYMeViewController.storyboard */; };
		40A143361C3EB8CF00367AAA /* DZYSquareCell.m in Sources */ = {isa = PBXBuildFile; fileRef = 40A143341C3EB8CF00367AAA /* DZYSquareCell.m */; };
		40A143371C3EB8CF00367AAA /* DZYSquareCell.xib in Resources */ = {isa = PBXBuildFile; fileRef = 40A143351C3EB8CF00367AAA /* DZYSquareCell.xib */; };
		40A1433A1C3EBD3500367AAA /* DZYSquareModel.m in Sources */ = {isa = PBXBuildFile; fileRef = 40A143391C3EBD3500367AAA /* DZYSquareModel.m */; };
		40A1433E1C3EC93F00367AAA /* DZYHtmlViewController.m in Sources */ = {isa = PBXBuildFile; fileRef = 40A1433C1C3EC93F00367AAA /* DZYHtmlViewController.m */; };
		40A1433F1C3EC93F00367AAA /* DZYHtmlViewController.xib in Resources */ = {isa = PBXBuildFile; fileRef = 40A1433D1C3EC93F00367AAA /* DZYHtmlViewController.xib */; };
		40A538231C3FD04E00F939F5 /* WebKit.framework in Frameworks */ = {isa = PBXBuildFile; fileRef = 40A538221C3FD04D00F939F5 /* WebKit.framework */; };
		40A538271C3FD99600F939F5 /* DZYFileCacheManager.m in Sources */ = {isa = PBXBuildFile; fileRef = 40A538261C3FD99600F939F5 /* DZYFileCacheManager.m */; };
		40CB03ED1C3A861800D129ED /* DZYConst.m in Sources */ = {isa = PBXBuildFile; fileRef = 40CB03EC1C3A861800D129ED /* DZYConst.m */; };
		40CB03F01C3A8C6800D129ED /* DZYAdModal.m in Sources */ = {isa = PBXBuildFile; fileRef = 40CB03EF1C3A8C6800D129ED /* DZYAdModal.m */; };
		40CB03F91C3A959900D129ED /* LaunchImage-568h@2x.png in Resources */ = {isa = PBXBuildFile; fileRef = 40CB03F21C3A959900D129ED /* LaunchImage-568h@2x.png */; };
		40CB03FA1C3A959900D129ED /* LaunchImage-700-568h@2x.png in Resources */ = {isa = PBXBuildFile; fileRef = 40CB03F31C3A959900D129ED /* LaunchImage-700-568h@2x.png */; };
		40CB03FB1C3A959900D129ED /* LaunchImage-700@2x.png in Resources */ = {isa = PBXBuildFile; fileRef = 40CB03F41C3A959900D129ED /* LaunchImage-700@2x.png */; };
		40CB03FC1C3A959900D129ED /* LaunchImage-800-667h@2x.png in Resources */ = {isa = PBXBuildFile; fileRef = 40CB03F51C3A959900D129ED /* LaunchImage-800-667h@2x.png */; };
		40CB03FD1C3A959900D129ED /* LaunchImage-800-Portrait-736h@3x.png in Resources */ = {isa = PBXBuildFile; fileRef = 40CB03F61C3A959900D129ED /* LaunchImage-800-Portrait-736h@3x.png */; };
		40CB03FE1C3A959900D129ED /* LaunchImage.png in Resources */ = {isa = PBXBuildFile; fileRef = 40CB03F71C3A959900D129ED /* LaunchImage.png */; };
		40CB03FF1C3A959900D129ED /* LaunchImage@2x.png in Resources */ = {isa = PBXBuildFile; fileRef = 40CB03F81C3A959900D129ED /* LaunchImage@2x.png */; };
		40D147201C6872010074ED97 /* DZYCommentViewController.m in Sources */ = {isa = PBXBuildFile; fileRef = 40D1471E1C6872010074ED97 /* DZYCommentViewController.m */; };
		40D147211C6872010074ED97 /* DZYCommentViewController.xib in Resources */ = {isa = PBXBuildFile; fileRef = 40D1471F1C6872010074ED97 /* DZYCommentViewController.xib */; };
		40D335801C3A54A500DDA008 /* DZYAdViewController.m in Sources */ = {isa = PBXBuildFile; fileRef = 40D3357E1C3A54A500DDA008 /* DZYAdViewController.m */; };
		40D335811C3A54A500DDA008 /* DZYAdViewController.xib in Resources */ = {isa = PBXBuildFile; fileRef = 40D3357F1C3A54A500DDA008 /* DZYAdViewController.xib */; };
		40D843221C3A129300986EC6 /* UIBarButtonItem+DZYExtension.m in Sources */ = {isa = PBXBuildFile; fileRef = 40D843211C3A129300986EC6 /* UIBarButtonItem+DZYExtension.m */; };
		40D843251C3A1BE200986EC6 /* DZYNavigationController.m in Sources */ = {isa = PBXBuildFile; fileRef = 40D843241C3A1BE200986EC6 /* DZYNavigationController.m */; };
		40D8432C1C3A1EF200986EC6 /* DZYSettingViewController.m in Sources */ = {isa = PBXBuildFile; fileRef = 40D8432B1C3A1EF200986EC6 /* DZYSettingViewController.m */; };
		40F58AF11C3F5B8F006FFD29 /* DZYTitleButton.m in Sources */ = {isa = PBXBuildFile; fileRef = 40F58AF01C3F5B8F006FFD29 /* DZYTitleButton.m */; };
		5CFD2110D88FC8A09F95E3DF /* libPods.a in Frameworks */ = {isa = PBXBuildFile; fileRef = DDFD1D51BABE6FD16007577A /* libPods.a */; };
/* End PBXBuildFile section */

/* Begin PBXFileReference section */
		4000A4AC1C490C1900F29E19 /* UIScrollView+DDBackTop.h */ = {isa = PBXFileReference; fileEncoding = 4; lastKnownFileType = sourcecode.c.h; path = "UIScrollView+DDBackTop.h"; sourceTree = "<group>"; };
		4000A4AD1C490C1900F29E19 /* UIScrollView+DDBackTop.m */ = {isa = PBXFileReference; fileEncoding = 4; lastKnownFileType = sourcecode.c.objc; path = "UIScrollView+DDBackTop.m"; sourceTree = "<group>"; };
		4000A4AE1C490C1900F29E19 /* DDBackTopButton.h */ = {isa = PBXFileReference; fileEncoding = 4; lastKnownFileType = sourcecode.c.h; path = DDBackTopButton.h; sourceTree = "<group>"; };
		4000A4AF1C490C1900F29E19 /* DDBackTopButton.m */ = {isa = PBXFileReference; fileEncoding = 4; lastKnownFileType = sourcecode.c.objc; path = DDBackTopButton.m; sourceTree = "<group>"; };
		4000A4B21C490C3F00F29E19 /* fx_top_normal@2x.png */ = {isa = PBXFileReference; lastKnownFileType = image.png; path = "fx_top_normal@2x.png"; sourceTree = "<group>"; };
		4000A4B31C490C3F00F29E19 /* fx_top_normal@3x.png */ = {isa = PBXFileReference; lastKnownFileType = image.png; path = "fx_top_normal@3x.png"; sourceTree = "<group>"; };
		4000A4B41C490C3F00F29E19 /* fx_top_pressed@2x.png */ = {isa = PBXFileReference; lastKnownFileType = image.png; path = "fx_top_pressed@2x.png"; sourceTree = "<group>"; };
		4000A4B51C490C3F00F29E19 /* fx_top_pressed@3x.png */ = {isa = PBXFileReference; lastKnownFileType = image.png; path = "fx_top_pressed@3x.png"; sourceTree = "<group>"; };
		4001F2211C512AAA00C4E00C /* DZYTextField.h */ = {isa = PBXFileReference; fileEncoding = 4; lastKnownFileType = sourcecode.c.h; path = DZYTextField.h; sourceTree = "<group>"; };
		4001F2221C512AAA00C4E00C /* DZYTextField.m */ = {isa = PBXFileReference; fileEncoding = 4; lastKnownFileType = sourcecode.c.objc; path = DZYTextField.m; sourceTree = "<group>"; };
		401A5E501C451CF600F913C6 /* DZYTopicCell.h */ = {isa = PBXFileReference; fileEncoding = 4; lastKnownFileType = sourcecode.c.h; path = DZYTopicCell.h; sourceTree = "<group>"; };
		401A5E511C451CF600F913C6 /* DZYTopicCell.m */ = {isa = PBXFileReference; fileEncoding = 4; lastKnownFileType = sourcecode.c.objc; path = DZYTopicCell.m; sourceTree = "<group>"; };
		401A5E521C451CF600F913C6 /* DZYTopicCell.xib */ = {isa = PBXFileReference; fileEncoding = 4; lastKnownFileType = file.xib; path = DZYTopicCell.xib; sourceTree = "<group>"; };
		401A5E551C4528F300F913C6 /* UIImageView+Header.h */ = {isa = PBXFileReference; fileEncoding = 4; lastKnownFileType = sourcecode.c.h; path = "UIImageView+Header.h"; sourceTree = "<group>"; };
		401A5E561C4528F300F913C6 /* UIImageView+Header.m */ = {isa = PBXFileReference; fileEncoding = 4; lastKnownFileType = sourcecode.c.objc; path = "UIImageView+Header.m"; sourceTree = "<group>"; };
		401A5E581C4671BD00F913C6 /* NSCalendar+Init.h */ = {isa = PBXFileReference; fileEncoding = 4; lastKnownFileType = sourcecode.c.h; path = "NSCalendar+Init.h"; sourceTree = "<group>"; };
		401A5E591C4671BD00F913C6 /* NSCalendar+Init.m */ = {isa = PBXFileReference; fileEncoding = 4; lastKnownFileType = sourcecode.c.objc; path = "NSCalendar+Init.m"; sourceTree = "<group>"; };
		401A5E5B1C46725400F913C6 /* NSDate+Interval.h */ = {isa = PBXFileReference; fileEncoding = 4; lastKnownFileType = sourcecode.c.h; path = "NSDate+Interval.h"; sourceTree = "<group>"; };
		401A5E5C1C46725400F913C6 /* NSDate+Interval.m */ = {isa = PBXFileReference; fileEncoding = 4; lastKnownFileType = sourcecode.c.objc; path = "NSDate+Interval.m"; sourceTree = "<group>"; };
		401C121C1C4E2274006C4690 /* DZYPublishButton.h */ = {isa = PBXFileReference; fileEncoding = 4; lastKnownFileType = sourcecode.c.h; path = DZYPublishButton.h; sourceTree = "<group>"; };
		401C121D1C4E2274006C4690 /* DZYPublishButton.m */ = {isa = PBXFileReference; fileEncoding = 4; lastKnownFileType = sourcecode.c.objc; path = DZYPublishButton.m; sourceTree = "<group>"; };
		401C121F1C4E4CB9006C4690 /* DZYPostWordViewController.h */ = {isa = PBXFileReference; fileEncoding = 4; lastKnownFileType = sourcecode.c.h; path = DZYPostWordViewController.h; sourceTree = "<group>"; };
		401C12201C4E4CB9006C4690 /* DZYPostWordViewController.m */ = {isa = PBXFileReference; fileEncoding = 4; lastKnownFileType = sourcecode.c.objc; path = DZYPostWordViewController.m; sourceTree = "<group>"; };
		401C12221C4E59B8006C4690 /* DZYPlaceholderTextView.h */ = {isa = PBXFileReference; fileEncoding = 4; lastKnownFileType = sourcecode.c.h; path = DZYPlaceholderTextView.h; sourceTree = "<group>"; };
		401C12231C4E59B8006C4690 /* DZYPlaceholderTextView.m */ = {isa = PBXFileReference; fileEncoding = 4; lastKnownFileType = sourcecode.c.objc; path = DZYPlaceholderTextView.m; sourceTree = "<group>"; };
		401C12251C4E8B6F006C4690 /* DZYPostWordToolBar.h */ = {isa = PBXFileReference; fileEncoding = 4; lastKnownFileType = sourcecode.c.h; path = DZYPostWordToolBar.h; sourceTree = "<group>"; };
		401C12261C4E8B6F006C4690 /* DZYPostWordToolBar.m */ = {isa = PBXFileReference; fileEncoding = 4; lastKnownFileType = sourcecode.c.objc; path = DZYPostWordToolBar.m; sourceTree = "<group>"; };
		401C12281C4E8B85006C4690 /* DZYPostWordToolBar.xib */ = {isa = PBXFileReference; fileEncoding = 4; lastKnownFileType = file.xib; path = DZYPostWordToolBar.xib; sourceTree = "<group>"; };
		401C122A1C4EA15B006C4690 /* DZYAddTagViewController.h */ = {isa = PBXFileReference; fileEncoding = 4; lastKnownFileType = sourcecode.c.h; path = DZYAddTagViewController.h; sourceTree = "<group>"; };
		401C122B1C4EA15B006C4690 /* DZYAddTagViewController.m */ = {isa = PBXFileReference; fileEncoding = 4; lastKnownFileType = sourcecode.c.objc; path = DZYAddTagViewController.m; sourceTree = "<group>"; };
		402C0D8D1C409DB9007126B8 /* DZYAllViewController.h */ = {isa = PBXFileReference; fileEncoding = 4; lastKnownFileType = sourcecode.c.h; path = DZYAllViewController.h; sourceTree = "<group>"; };
		402C0D8E1C409DB9007126B8 /* DZYAllViewController.m */ = {isa = PBXFileReference; fileEncoding = 4; lastKnownFileType = sourcecode.c.objc; path = DZYAllViewController.m; sourceTree = "<group>"; };
		402C0D901C409DE6007126B8 /* DZYVideoViewController.h */ = {isa = PBXFileReference; fileEncoding = 4; lastKnownFileType = sourcecode.c.h; path = DZYVideoViewController.h; sourceTree = "<group>"; };
		402C0D911C409DE6007126B8 /* DZYVideoViewController.m */ = {isa = PBXFileReference; fileEncoding = 4; lastKnownFileType = sourcecode.c.objc; path = DZYVideoViewController.m; sourceTree = "<group>"; };
		402C0D931C409E01007126B8 /* DZYVoiceViewController.h */ = {isa = PBXFileReference; fileEncoding = 4; lastKnownFileType = sourcecode.c.h; path = DZYVoiceViewController.h; sourceTree = "<group>"; };
		402C0D941C409E01007126B8 /* DZYVoiceViewController.m */ = {isa = PBXFileReference; fileEncoding = 4; lastKnownFileType = sourcecode.c.objc; path = DZYVoiceViewController.m; sourceTree = "<group>"; };
		402C0D961C409E0F007126B8 /* DZYPictureViewController.h */ = {isa = PBXFileReference; fileEncoding = 4; lastKnownFileType = sourcecode.c.h; path = DZYPictureViewController.h; sourceTree = "<group>"; };
		402C0D971C409E0F007126B8 /* DZYPictureViewController.m */ = {isa = PBXFileReference; fileEncoding = 4; lastKnownFileType = sourcecode.c.objc; path = DZYPictureViewController.m; sourceTree = "<group>"; };
		402C0D991C409E17007126B8 /* DZYWordViewController.h */ = {isa = PBXFileReference; fileEncoding = 4; lastKnownFileType = sourcecode.c.h; path = DZYWordViewController.h; sourceTree = "<group>"; };
		402C0D9A1C409E17007126B8 /* DZYWordViewController.m */ = {isa = PBXFileReference; fileEncoding = 4; lastKnownFileType = sourcecode.c.objc; path = DZYWordViewController.m; sourceTree = "<group>"; };
		402C0DBF1C412F66007126B8 /* DZYTopicModel.h */ = {isa = PBXFileReference; fileEncoding = 4; lastKnownFileType = sourcecode.c.h; path = DZYTopicModel.h; sourceTree = "<group>"; };
		402C0DC01C412F66007126B8 /* DZYTopicModel.m */ = {isa = PBXFileReference; fileEncoding = 4; lastKnownFileType = sourcecode.c.objc; path = DZYTopicModel.m; sourceTree = "<group>"; };
		403494821C35846700C35E15 /* budejie.app */ = {isa = PBXFileReference; explicitFileType = wrapper.application; includeInIndex = 0; path = budejie.app; sourceTree = BUILT_PRODUCTS_DIR; };
		403494911C35846700C35E15 /* Assets.xcassets */ = {isa = PBXFileReference; lastKnownFileType = folder.assetcatalog; path = Assets.xcassets; sourceTree = "<group>"; };
		403494961C35846700C35E15 /* Info.plist */ = {isa = PBXFileReference; lastKnownFileType = text.plist.xml; path = Info.plist; sourceTree = "<group>"; };
		403494AE1C35851500C35E15 /* AppDelegate.h */ = {isa = PBXFileReference; fileEncoding = 4; lastKnownFileType = sourcecode.c.h; path = AppDelegate.h; sourceTree = "<group>"; };
		403494AF1C35851500C35E15 /* AppDelegate.m */ = {isa = PBXFileReference; fileEncoding = 4; lastKnownFileType = sourcecode.c.objc; path = AppDelegate.m; sourceTree = "<group>"; };
		403494B11C35851500C35E15 /* DZYTabBarViewController.h */ = {isa = PBXFileReference; fileEncoding = 4; lastKnownFileType = sourcecode.c.h; path = DZYTabBarViewController.h; sourceTree = "<group>"; };
		403494B21C35851500C35E15 /* DZYTabBarViewController.m */ = {isa = PBXFileReference; fileEncoding = 4; lastKnownFileType = sourcecode.c.objc; path = DZYTabBarViewController.m; sourceTree = "<group>"; };
		403494B31C35851500C35E15 /* main.m */ = {isa = PBXFileReference; fileEncoding = 4; lastKnownFileType = sourcecode.c.objc; path = main.m; sourceTree = "<group>"; };
		403494C01C358A5500C35E15 /* PrefixHeader.pch */ = {isa = PBXFileReference; lastKnownFileType = sourcecode.c.h; path = PrefixHeader.pch; sourceTree = "<group>"; };
		403494C11C358C5100C35E15 /* UIColor+Hex.h */ = {isa = PBXFileReference; fileEncoding = 4; lastKnownFileType = sourcecode.c.h; path = "UIColor+Hex.h"; sourceTree = "<group>"; };
		403494C21C358C5100C35E15 /* UIColor+Hex.m */ = {isa = PBXFileReference; fileEncoding = 4; lastKnownFileType = sourcecode.c.objc; path = "UIColor+Hex.m"; sourceTree = "<group>"; };
		403494C41C358C5C00C35E15 /* UIImage+Image.h */ = {isa = PBXFileReference; fileEncoding = 4; lastKnownFileType = sourcecode.c.h; path = "UIImage+Image.h"; sourceTree = "<group>"; };
		403494C51C358C5C00C35E15 /* UIImage+Image.m */ = {isa = PBXFileReference; fileEncoding = 4; lastKnownFileType = sourcecode.c.objc; path = "UIImage+Image.m"; sourceTree = "<group>"; };
		403494C71C358F3700C35E15 /* DZYEssenceViewController.h */ = {isa = PBXFileReference; fileEncoding = 4; lastKnownFileType = sourcecode.c.h; path = DZYEssenceViewController.h; sourceTree = "<group>"; };
		403494C81C358F3700C35E15 /* DZYEssenceViewController.m */ = {isa = PBXFileReference; fileEncoding = 4; lastKnownFileType = sourcecode.c.objc; path = DZYEssenceViewController.m; sourceTree = "<group>"; };
		403494CA1C358F4B00C35E15 /* DZYFriendTrendsViewController.h */ = {isa = PBXFileReference; fileEncoding = 4; lastKnownFileType = sourcecode.c.h; name = DZYFriendTrendsViewController.h; path = ../DZYFriendTrendsViewController.h; sourceTree = "<group>"; };
		403494CB1C358F4B00C35E15 /* DZYFriendTrendsViewController.m */ = {isa = PBXFileReference; fileEncoding = 4; lastKnownFileType = sourcecode.c.objc; name = DZYFriendTrendsViewController.m; path = ../DZYFriendTrendsViewController.m; sourceTree = "<group>"; };
		403494CD1C358F5B00C35E15 /* DZYMeViewController.h */ = {isa = PBXFileReference; fileEncoding = 4; lastKnownFileType = sourcecode.c.h; path = DZYMeViewController.h; sourceTree = "<group>"; };
		403494CE1C358F5B00C35E15 /* DZYMeViewController.m */ = {isa = PBXFileReference; fileEncoding = 4; lastKnownFileType = sourcecode.c.objc; path = DZYMeViewController.m; sourceTree = "<group>"; };
		403494D01C358F6B00C35E15 /* DZYNewViewController.h */ = {isa = PBXFileReference; fileEncoding = 4; lastKnownFileType = sourcecode.c.h; path = DZYNewViewController.h; sourceTree = "<group>"; };
		403494D11C358F6B00C35E15 /* DZYNewViewController.m */ = {isa = PBXFileReference; fileEncoding = 4; lastKnownFileType = sourcecode.c.objc; path = DZYNewViewController.m; sourceTree = "<group>"; };
		403494D31C358F7800C35E15 /* DZYPublishViewController.h */ = {isa = PBXFileReference; fileEncoding = 4; lastKnownFileType = sourcecode.c.h; path = DZYPublishViewController.h; sourceTree = "<group>"; };
		403494D41C358F7800C35E15 /* DZYPublishViewController.m */ = {isa = PBXFileReference; fileEncoding = 4; lastKnownFileType = sourcecode.c.objc; path = DZYPublishViewController.m; sourceTree = "<group>"; };
		403494D61C35964F00C35E15 /* DZYTabBar.h */ = {isa = PBXFileReference; fileEncoding = 4; lastKnownFileType = sourcecode.c.h; path = DZYTabBar.h; sourceTree = "<group>"; };
		403494D71C35964F00C35E15 /* DZYTabBar.m */ = {isa = PBXFileReference; fileEncoding = 4; lastKnownFileType = sourcecode.c.objc; path = DZYTabBar.m; sourceTree = "<group>"; };
		403494D91C359A2C00C35E15 /* UIView+DZYExtension.h */ = {isa = PBXFileReference; fileEncoding = 4; lastKnownFileType = sourcecode.c.h; path = "UIView+DZYExtension.h"; sourceTree = "<group>"; };
		403494DA1C359A2C00C35E15 /* UIView+DZYExtension.m */ = {isa = PBXFileReference; fileEncoding = 4; lastKnownFileType = sourcecode.c.objc; path = "UIView+DZYExtension.m"; sourceTree = "<group>"; };
		40364CF31C4D07B80019B3F0 /* DZYSeeBigPictureViewController.h */ = {isa = PBXFileReference; fileEncoding = 4; lastKnownFileType = sourcecode.c.h; path = DZYSeeBigPictureViewController.h; sourceTree = "<group>"; };
		40364CF41C4D07B80019B3F0 /* DZYSeeBigPictureViewController.m */ = {isa = PBXFileReference; fileEncoding = 4; lastKnownFileType = sourcecode.c.objc; path = DZYSeeBigPictureViewController.m; sourceTree = "<group>"; };
		40364CF51C4D07B80019B3F0 /* DZYSeeBigPictureViewController.xib */ = {isa = PBXFileReference; fileEncoding = 4; lastKnownFileType = file.xib; path = DZYSeeBigPictureViewController.xib; sourceTree = "<group>"; };
		40364CF81C4D19340019B3F0 /* DZYTopicViewController.h */ = {isa = PBXFileReference; fileEncoding = 4; lastKnownFileType = sourcecode.c.h; path = DZYTopicViewController.h; sourceTree = "<group>"; };
		40364CF91C4D19340019B3F0 /* DZYTopicViewController.m */ = {isa = PBXFileReference; fileEncoding = 4; lastKnownFileType = sourcecode.c.objc; path = DZYTopicViewController.m; sourceTree = "<group>"; };
		40364D011C4D2D700019B3F0 /* DZYHeader.h */ = {isa = PBXFileReference; fileEncoding = 4; lastKnownFileType = sourcecode.c.h; path = DZYHeader.h; sourceTree = "<group>"; };
		40364D021C4D2D700019B3F0 /* DZYHeader.m */ = {isa = PBXFileReference; fileEncoding = 4; lastKnownFileType = sourcecode.c.objc; path = DZYHeader.m; sourceTree = "<group>"; };
		40364D071C4D34110019B3F0 /* DZYFooter.h */ = {isa = PBXFileReference; fileEncoding = 4; lastKnownFileType = sourcecode.c.h; path = DZYFooter.h; sourceTree = "<group>"; };
		40364D081C4D34110019B3F0 /* DZYFooter.m */ = {isa = PBXFileReference; fileEncoding = 4; lastKnownFileType = sourcecode.c.objc; path = DZYFooter.m; sourceTree = "<group>"; };
		40364D0A1C4D5CD00019B3F0 /* DZYPublishViewController.xib */ = {isa = PBXFileReference; fileEncoding = 4; lastKnownFileType = file.xib; path = DZYPublishViewController.xib; sourceTree = "<group>"; };
		40377E861C74A9F800FB1E64 /* DZYCommentCell.h */ = {isa = PBXFileReference; fileEncoding = 4; lastKnownFileType = sourcecode.c.h; path = DZYCommentCell.h; sourceTree = "<group>"; };
		40377E871C74A9F800FB1E64 /* DZYCommentCell.m */ = {isa = PBXFileReference; fileEncoding = 4; lastKnownFileType = sourcecode.c.objc; path = DZYCommentCell.m; sourceTree = "<group>"; };
		40377E881C74A9F800FB1E64 /* DZYCommentCell.xib */ = {isa = PBXFileReference; fileEncoding = 4; lastKnownFileType = file.xib; path = DZYCommentCell.xib; sourceTree = "<group>"; };
		4071AF451C4BE4BA0045044C /* DZYTopicPictureView.h */ = {isa = PBXFileReference; fileEncoding = 4; lastKnownFileType = sourcecode.c.h; path = DZYTopicPictureView.h; sourceTree = "<group>"; };
		4071AF461C4BE4BA0045044C /* DZYTopicPictureView.m */ = {isa = PBXFileReference; fileEncoding = 4; lastKnownFileType = sourcecode.c.objc; path = DZYTopicPictureView.m; sourceTree = "<group>"; };
		4071AF481C4BE4CC0045044C /* DZYTopicPictureView.xib */ = {isa = PBXFileReference; fileEncoding = 4; lastKnownFileType = file.xib; path = DZYTopicPictureView.xib; sourceTree = "<group>"; };
		4071AF4A1C4BE5040045044C /* DZYTopicVoiceView.h */ = {isa = PBXFileReference; fileEncoding = 4; lastKnownFileType = sourcecode.c.h; path = DZYTopicVoiceView.h; sourceTree = "<group>"; };
		4071AF4B1C4BE5040045044C /* DZYTopicVoiceView.m */ = {isa = PBXFileReference; fileEncoding = 4; lastKnownFileType = sourcecode.c.objc; path = DZYTopicVoiceView.m; sourceTree = "<group>"; };
		4071AF4D1C4BE50D0045044C /* DZYTopicVoiceView.xib */ = {isa = PBXFileReference; fileEncoding = 4; lastKnownFileType = file.xib; path = DZYTopicVoiceView.xib; sourceTree = "<group>"; };
		4071AF4F1C4BE5310045044C /* DZYTopicVideoView.h */ = {isa = PBXFileReference; fileEncoding = 4; lastKnownFileType = sourcecode.c.h; path = DZYTopicVideoView.h; sourceTree = "<group>"; };
		4071AF501C4BE5310045044C /* DZYTopicVideoView.m */ = {isa = PBXFileReference; fileEncoding = 4; lastKnownFileType = sourcecode.c.objc; path = DZYTopicVideoView.m; sourceTree = "<group>"; };
		4071AF521C4BE53A0045044C /* DZYTopicVideoView.xib */ = {isa = PBXFileReference; fileEncoding = 4; lastKnownFileType = file.xib; path = DZYTopicVideoView.xib; sourceTree = "<group>"; };
		4071AF541C4BE9DD0045044C /* UIImageView+Download.h */ = {isa = PBXFileReference; fileEncoding = 4; lastKnownFileType = sourcecode.c.h; path = "UIImageView+Download.h"; sourceTree = "<group>"; };
		4071AF551C4BE9DD0045044C /* UIImageView+Download.m */ = {isa = PBXFileReference; fileEncoding = 4; lastKnownFileType = sourcecode.c.objc; path = "UIImageView+Download.m"; sourceTree = "<group>"; };
		4079B5D21C4FDE370061B210 /* DZYTagButton.h */ = {isa = PBXFileReference; fileEncoding = 4; lastKnownFileType = sourcecode.c.h; path = DZYTagButton.h; sourceTree = "<group>"; };
		4079B5D31C4FDE370061B210 /* DZYTagButton.m */ = {isa = PBXFileReference; fileEncoding = 4; lastKnownFileType = sourcecode.c.objc; path = DZYTagButton.m; sourceTree = "<group>"; };
		40810CA51C3AD0A00080A9FA /* MBProgressHUD+MJ.h */ = {isa = PBXFileReference; fileEncoding = 4; lastKnownFileType = sourcecode.c.h; path = "MBProgressHUD+MJ.h"; sourceTree = "<group>"; };
		40810CA61C3AD0A00080A9FA /* MBProgressHUD+MJ.m */ = {isa = PBXFileReference; fileEncoding = 4; lastKnownFileType = sourcecode.c.objc; path = "MBProgressHUD+MJ.m"; sourceTree = "<group>"; };
		40810CA81C3AD0EE0080A9FA /* NSString+Extension.h */ = {isa = PBXFileReference; fileEncoding = 4; lastKnownFileType = sourcecode.c.h; path = "NSString+Extension.h"; sourceTree = "<group>"; };
		40810CA91C3AD0EE0080A9FA /* NSString+Extension.m */ = {isa = PBXFileReference; fileEncoding = 4; lastKnownFileType = sourcecode.c.objc; path = "NSString+Extension.m"; sourceTree = "<group>"; };
		4081ABC71C3DFBB800A6D86D /* DZYLoginRegisterView.h */ = {isa = PBXFileReference; fileEncoding = 4; lastKnownFileType = sourcecode.c.h; path = DZYLoginRegisterView.h; sourceTree = "<group>"; };
		4081ABC81C3DFBB800A6D86D /* DZYLoginRegisterView.m */ = {isa = PBXFileReference; fileEncoding = 4; lastKnownFileType = sourcecode.c.objc; path = DZYLoginRegisterView.m; sourceTree = "<group>"; };
		4081ABCA1C3DFBCE00A6D86D /* DZYLoginRegisterView.xib */ = {isa = PBXFileReference; fileEncoding = 4; lastKnownFileType = file.xib; path = DZYLoginRegisterView.xib; sourceTree = "<group>"; };
		40880D641C3B593500BB34BE /* DZYSubTagViewController.h */ = {isa = PBXFileReference; fileEncoding = 4; lastKnownFileType = sourcecode.c.h; path = DZYSubTagViewController.h; sourceTree = "<group>"; };
		40880D651C3B593500BB34BE /* DZYSubTagViewController.m */ = {isa = PBXFileReference; fileEncoding = 4; lastKnownFileType = sourcecode.c.objc; path = DZYSubTagViewController.m; sourceTree = "<group>"; };
		40880D671C3B5FD300BB34BE /* DZYTagModel.h */ = {isa = PBXFileReference; fileEncoding = 4; lastKnownFileType = sourcecode.c.h; path = DZYTagModel.h; sourceTree = "<group>"; };
		40880D681C3B5FD300BB34BE /* DZYTagModel.m */ = {isa = PBXFileReference; fileEncoding = 4; lastKnownFileType = sourcecode.c.objc; path = DZYTagModel.m; sourceTree = "<group>"; };
		40880D6A1C3B698600BB34BE /* DZYTagCell.h */ = {isa = PBXFileReference; fileEncoding = 4; lastKnownFileType = sourcecode.c.h; path = DZYTagCell.h; sourceTree = "<group>"; };
		40880D6B1C3B698600BB34BE /* DZYTagCell.m */ = {isa = PBXFileReference; fileEncoding = 4; lastKnownFileType = sourcecode.c.objc; path = DZYTagCell.m; sourceTree = "<group>"; };
		40880D6C1C3B698600BB34BE /* DZYTagCell.xib */ = {isa = PBXFileReference; fileEncoding = 4; lastKnownFileType = file.xib; path = DZYTagCell.xib; sourceTree = "<group>"; };
		40880D6F1C3B9C3100BB34BE /* DZYFriendTrendsViewController.xib */ = {isa = PBXFileReference; fileEncoding = 4; lastKnownFileType = file.xib; path = DZYFriendTrendsViewController.xib; sourceTree = "<group>"; };
		40880D991C3BA70200BB34BE /* DZYLoginRegisterViewController.h */ = {isa = PBXFileReference; fileEncoding = 4; lastKnownFileType = sourcecode.c.h; path = DZYLoginRegisterViewController.h; sourceTree = "<group>"; };
		40880D9A1C3BA70200BB34BE /* DZYLoginRegisterViewController.m */ = {isa = PBXFileReference; fileEncoding = 4; lastKnownFileType = sourcecode.c.objc; path = DZYLoginRegisterViewController.m; sourceTree = "<group>"; };
		40880D9B1C3BA70200BB34BE /* DZYLoginRegisterViewController.xib */ = {isa = PBXFileReference; fileEncoding = 4; lastKnownFileType = file.xib; path = DZYLoginRegisterViewController.xib; sourceTree = "<group>"; };
		408A87A31C394516006D0908 /* HttpRequest.h */ = {isa = PBXFileReference; fileEncoding = 4; lastKnownFileType = sourcecode.c.h; path = HttpRequest.h; sourceTree = "<group>"; };
		408A87A41C394516006D0908 /* HttpRequest.m */ = {isa = PBXFileReference; fileEncoding = 4; lastKnownFileType = sourcecode.c.objc; path = HttpRequest.m; sourceTree = "<group>"; };
		409C20801C57346F00B3CA9C /* DZYRecommentFollowViewController.h */ = {isa = PBXFileReference; fileEncoding = 4; lastKnownFileType = sourcecode.c.h; path = DZYRecommentFollowViewController.h; sourceTree = "<group>"; };
		409C20811C57346F00B3CA9C /* DZYRecommentFollowViewController.m */ = {isa = PBXFileReference; fileEncoding = 4; lastKnownFileType = sourcecode.c.objc; path = DZYRecommentFollowViewController.m; sourceTree = "<group>"; };
		409C20821C57346F00B3CA9C /* DZYRecommentFollowViewController.xib */ = {isa = PBXFileReference; fileEncoding = 4; lastKnownFileType = file.xib; path = DZYRecommentFollowViewController.xib; sourceTree = "<group>"; };
		409C20851C57398A00B3CA9C /* DZYCategroyCell.h */ = {isa = PBXFileReference; fileEncoding = 4; lastKnownFileType = sourcecode.c.h; path = DZYCategroyCell.h; sourceTree = "<group>"; };
		409C20861C57398A00B3CA9C /* DZYCategroyCell.m */ = {isa = PBXFileReference; fileEncoding = 4; lastKnownFileType = sourcecode.c.objc; path = DZYCategroyCell.m; sourceTree = "<group>"; };
		409C20871C57398A00B3CA9C /* DZYCategroyCell.xib */ = {isa = PBXFileReference; fileEncoding = 4; lastKnownFileType = file.xib; path = DZYCategroyCell.xib; sourceTree = "<group>"; };
		409C208A1C573C1C00B3CA9C /* DZYUserCell.h */ = {isa = PBXFileReference; fileEncoding = 4; lastKnownFileType = sourcecode.c.h; path = DZYUserCell.h; sourceTree = "<group>"; };
		409C208B1C573C1C00B3CA9C /* DZYUserCell.m */ = {isa = PBXFileReference; fileEncoding = 4; lastKnownFileType = sourcecode.c.objc; path = DZYUserCell.m; sourceTree = "<group>"; };
		409C208C1C573C1C00B3CA9C /* DZYUserCell.xib */ = {isa = PBXFileReference; fileEncoding = 4; lastKnownFileType = file.xib; path = DZYUserCell.xib; sourceTree = "<group>"; };
		40A143231C3E82AD00367AAA /* DZYFastLoginView.h */ = {isa = PBXFileReference; fileEncoding = 4; lastKnownFileType = sourcecode.c.h; path = DZYFastLoginView.h; sourceTree = "<group>"; };
		40A143241C3E82AD00367AAA /* DZYFastLoginView.m */ = {isa = PBXFileReference; fileEncoding = 4; lastKnownFileType = sourcecode.c.objc; path = DZYFastLoginView.m; sourceTree = "<group>"; };
		40A143261C3E82CF00367AAA /* DZYFastLoginView.xib */ = {isa = PBXFileReference; fileEncoding = 4; lastKnownFileType = file.xib; path = DZYFastLoginView.xib; sourceTree = "<group>"; };
		40A143281C3E870800367AAA /* DZYFastLoginButton.h */ = {isa = PBXFileReference; fileEncoding = 4; lastKnownFileType = sourcecode.c.h; path = DZYFastLoginButton.h; sourceTree = "<group>"; };
		40A143291C3E870800367AAA /* DZYFastLoginButton.m */ = {isa = PBXFileReference; fileEncoding = 4; lastKnownFileType = sourcecode.c.objc; path = DZYFastLoginButton.m; sourceTree = "<group>"; };
		40A1432B1C3E89D000367AAA /* DZYInputTextField.h */ = {isa = PBXFileReference; fileEncoding = 4; lastKnownFileType = sourcecode.c.h; path = DZYInputTextField.h; sourceTree = "<group>"; };
		40A1432C1C3E89D000367AAA /* DZYInputTextField.m */ = {isa = PBXFileReference; fileEncoding = 4; lastKnownFileType = sourcecode.c.objc; path = DZYInputTextField.m; sourceTree = "<group>"; };
		40A1432E1C3EA67500367AAA /* UITextField+Placeholder.h */ = {isa = PBXFileReference; fileEncoding = 4; lastKnownFileType = sourcecode.c.h; path = "UITextField+Placeholder.h"; sourceTree = "<group>"; };
		40A1432F1C3EA67500367AAA /* UITextField+Placeholder.m */ = {isa = PBXFileReference; fileEncoding = 4; lastKnownFileType = sourcecode.c.objc; path = "UITextField+Placeholder.m"; sourceTree = "<group>"; };
		40A143311C3EADDE00367AAA /* DZYMeViewController.storyboard */ = {isa = PBXFileReference; fileEncoding = 4; lastKnownFileType = file.storyboard; path = DZYMeViewController.storyboard; sourceTree = "<group>"; };
		40A143331C3EB8CF00367AAA /* DZYSquareCell.h */ = {isa = PBXFileReference; fileEncoding = 4; lastKnownFileType = sourcecode.c.h; path = DZYSquareCell.h; sourceTree = "<group>"; };
		40A143341C3EB8CF00367AAA /* DZYSquareCell.m */ = {isa = PBXFileReference; fileEncoding = 4; lastKnownFileType = sourcecode.c.objc; path = DZYSquareCell.m; sourceTree = "<group>"; };
		40A143351C3EB8CF00367AAA /* DZYSquareCell.xib */ = {isa = PBXFileReference; fileEncoding = 4; lastKnownFileType = file.xib; path = DZYSquareCell.xib; sourceTree = "<group>"; };
		40A143381C3EBD3500367AAA /* DZYSquareModel.h */ = {isa = PBXFileReference; fileEncoding = 4; lastKnownFileType = sourcecode.c.h; path = DZYSquareModel.h; sourceTree = "<group>"; };
		40A143391C3EBD3500367AAA /* DZYSquareModel.m */ = {isa = PBXFileReference; fileEncoding = 4; lastKnownFileType = sourcecode.c.objc; path = DZYSquareModel.m; sourceTree = "<group>"; };
		40A1433B1C3EC93F00367AAA /* DZYHtmlViewController.h */ = {isa = PBXFileReference; fileEncoding = 4; lastKnownFileType = sourcecode.c.h; path = DZYHtmlViewController.h; sourceTree = "<group>"; };
		40A1433C1C3EC93F00367AAA /* DZYHtmlViewController.m */ = {isa = PBXFileReference; fileEncoding = 4; lastKnownFileType = sourcecode.c.objc; path = DZYHtmlViewController.m; sourceTree = "<group>"; };
		40A1433D1C3EC93F00367AAA /* DZYHtmlViewController.xib */ = {isa = PBXFileReference; fileEncoding = 4; lastKnownFileType = file.xib; path = DZYHtmlViewController.xib; sourceTree = "<group>"; };
		40A538221C3FD04D00F939F5 /* WebKit.framework */ = {isa = PBXFileReference; lastKnownFileType = wrapper.framework; name = WebKit.framework; path = System/Library/Frameworks/WebKit.framework; sourceTree = SDKROOT; };
		40A538251C3FD99600F939F5 /* DZYFileCacheManager.h */ = {isa = PBXFileReference; fileEncoding = 4; lastKnownFileType = sourcecode.c.h; path = DZYFileCacheManager.h; sourceTree = "<group>"; };
		40A538261C3FD99600F939F5 /* DZYFileCacheManager.m */ = {isa = PBXFileReference; fileEncoding = 4; lastKnownFileType = sourcecode.c.objc; path = DZYFileCacheManager.m; sourceTree = "<group>"; };
		40CB03EB1C3A861800D129ED /* DZYConst.h */ = {isa = PBXFileReference; fileEncoding = 4; lastKnownFileType = sourcecode.c.h; path = DZYConst.h; sourceTree = "<group>"; };
		40CB03EC1C3A861800D129ED /* DZYConst.m */ = {isa = PBXFileReference; fileEncoding = 4; lastKnownFileType = sourcecode.c.objc; path = DZYConst.m; sourceTree = "<group>"; };
		40CB03EE1C3A8C6800D129ED /* DZYAdModal.h */ = {isa = PBXFileReference; fileEncoding = 4; lastKnownFileType = sourcecode.c.h; path = DZYAdModal.h; sourceTree = "<group>"; };
		40CB03EF1C3A8C6800D129ED /* DZYAdModal.m */ = {isa = PBXFileReference; fileEncoding = 4; lastKnownFileType = sourcecode.c.objc; path = DZYAdModal.m; sourceTree = "<group>"; };
		40CB03F21C3A959900D129ED /* LaunchImage-568h@2x.png */ = {isa = PBXFileReference; lastKnownFileType = image.png; path = "LaunchImage-568h@2x.png"; sourceTree = "<group>"; };
		40CB03F31C3A959900D129ED /* LaunchImage-700-568h@2x.png */ = {isa = PBXFileReference; lastKnownFileType = image.png; path = "LaunchImage-700-568h@2x.png"; sourceTree = "<group>"; };
		40CB03F41C3A959900D129ED /* LaunchImage-700@2x.png */ = {isa = PBXFileReference; lastKnownFileType = image.png; path = "LaunchImage-700@2x.png"; sourceTree = "<group>"; };
		40CB03F51C3A959900D129ED /* LaunchImage-800-667h@2x.png */ = {isa = PBXFileReference; lastKnownFileType = image.png; path = "LaunchImage-800-667h@2x.png"; sourceTree = "<group>"; };
		40CB03F61C3A959900D129ED /* LaunchImage-800-Portrait-736h@3x.png */ = {isa = PBXFileReference; lastKnownFileType = image.png; path = "LaunchImage-800-Portrait-736h@3x.png"; sourceTree = "<group>"; };
		40CB03F71C3A959900D129ED /* LaunchImage.png */ = {isa = PBXFileReference; lastKnownFileType = image.png; path = LaunchImage.png; sourceTree = "<group>"; };
		40CB03F81C3A959900D129ED /* LaunchImage@2x.png */ = {isa = PBXFileReference; lastKnownFileType = image.png; path = "LaunchImage@2x.png"; sourceTree = "<group>"; };
		40D1471D1C6872010074ED97 /* DZYCommentViewController.h */ = {isa = PBXFileReference; fileEncoding = 4; lastKnownFileType = sourcecode.c.h; path = DZYCommentViewController.h; sourceTree = "<group>"; };
		40D1471E1C6872010074ED97 /* DZYCommentViewController.m */ = {isa = PBXFileReference; fileEncoding = 4; lastKnownFileType = sourcecode.c.objc; path = DZYCommentViewController.m; sourceTree = "<group>"; };
		40D1471F1C6872010074ED97 /* DZYCommentViewController.xib */ = {isa = PBXFileReference; fileEncoding = 4; lastKnownFileType = file.xib; path = DZYCommentViewController.xib; sourceTree = "<group>"; };
		40D3357D1C3A54A500DDA008 /* DZYAdViewController.h */ = {isa = PBXFileReference; fileEncoding = 4; lastKnownFileType = sourcecode.c.h; path = DZYAdViewController.h; sourceTree = "<group>"; };
		40D3357E1C3A54A500DDA008 /* DZYAdViewController.m */ = {isa = PBXFileReference; fileEncoding = 4; lastKnownFileType = sourcecode.c.objc; path = DZYAdViewController.m; sourceTree = "<group>"; };
		40D3357F1C3A54A500DDA008 /* DZYAdViewController.xib */ = {isa = PBXFileReference; fileEncoding = 4; lastKnownFileType = file.xib; path = DZYAdViewController.xib; sourceTree = "<group>"; };
		40D843201C3A129300986EC6 /* UIBarButtonItem+DZYExtension.h */ = {isa = PBXFileReference; fileEncoding = 4; lastKnownFileType = sourcecode.c.h; path = "UIBarButtonItem+DZYExtension.h"; sourceTree = "<group>"; };
		40D843211C3A129300986EC6 /* UIBarButtonItem+DZYExtension.m */ = {isa = PBXFileReference; fileEncoding = 4; lastKnownFileType = sourcecode.c.objc; path = "UIBarButtonItem+DZYExtension.m"; sourceTree = "<group>"; };
		40D843231C3A1BE200986EC6 /* DZYNavigationController.h */ = {isa = PBXFileReference; fileEncoding = 4; lastKnownFileType = sourcecode.c.h; path = DZYNavigationController.h; sourceTree = "<group>"; };
		40D843241C3A1BE200986EC6 /* DZYNavigationController.m */ = {isa = PBXFileReference; fileEncoding = 4; lastKnownFileType = sourcecode.c.objc; path = DZYNavigationController.m; sourceTree = "<group>"; };
		40D8432A1C3A1EF200986EC6 /* DZYSettingViewController.h */ = {isa = PBXFileReference; fileEncoding = 4; lastKnownFileType = sourcecode.c.h; path = DZYSettingViewController.h; sourceTree = "<group>"; };
		40D8432B1C3A1EF200986EC6 /* DZYSettingViewController.m */ = {isa = PBXFileReference; fileEncoding = 4; lastKnownFileType = sourcecode.c.objc; path = DZYSettingViewController.m; sourceTree = "<group>"; };
		40F58AEF1C3F5B8F006FFD29 /* DZYTitleButton.h */ = {isa = PBXFileReference; fileEncoding = 4; lastKnownFileType = sourcecode.c.h; path = DZYTitleButton.h; sourceTree = "<group>"; };
		40F58AF01C3F5B8F006FFD29 /* DZYTitleButton.m */ = {isa = PBXFileReference; fileEncoding = 4; lastKnownFileType = sourcecode.c.objc; path = DZYTitleButton.m; sourceTree = "<group>"; };
		868E32A6A843F6968728DDC1 /* Pods.release.xcconfig */ = {isa = PBXFileReference; includeInIndex = 1; lastKnownFileType = text.xcconfig; name = Pods.release.xcconfig; path = "Pods/Target Support Files/Pods/Pods.release.xcconfig"; sourceTree = "<group>"; };
		C29A3CA166483454F8CD7AFB /* Pods.debug.xcconfig */ = {isa = PBXFileReference; includeInIndex = 1; lastKnownFileType = text.xcconfig; name = Pods.debug.xcconfig; path = "Pods/Target Support Files/Pods/Pods.debug.xcconfig"; sourceTree = "<group>"; };
		DDFD1D51BABE6FD16007577A /* libPods.a */ = {isa = PBXFileReference; explicitFileType = archive.ar; includeInIndex = 0; path = libPods.a; sourceTree = BUILT_PRODUCTS_DIR; };
/* End PBXFileReference section */

/* Begin PBXFrameworksBuildPhase section */
		4034947F1C35846700C35E15 /* Frameworks */ = {
			isa = PBXFrameworksBuildPhase;
			buildActionMask = 2147483647;
			files = (
				40A538231C3FD04E00F939F5 /* WebKit.framework in Frameworks */,
				5CFD2110D88FC8A09F95E3DF /* libPods.a in Frameworks */,
			);
			runOnlyForDeploymentPostprocessing = 0;
		};
/* End PBXFrameworksBuildPhase section */

/* Begin PBXGroup section */
		4000A4AB1C490C0700F29E19 /* Tool */ = {
			isa = PBXGroup;
			children = (
				4000A4B21C490C3F00F29E19 /* fx_top_normal@2x.png */,
				4000A4B31C490C3F00F29E19 /* fx_top_normal@3x.png */,
				4000A4B41C490C3F00F29E19 /* fx_top_pressed@2x.png */,
				4000A4B51C490C3F00F29E19 /* fx_top_pressed@3x.png */,
				4000A4AC1C490C1900F29E19 /* UIScrollView+DDBackTop.h */,
				4000A4AD1C490C1900F29E19 /* UIScrollView+DDBackTop.m */,
				4000A4AE1C490C1900F29E19 /* DDBackTopButton.h */,
				4000A4AF1C490C1900F29E19 /* DDBackTopButton.m */,
			);
			path = Tool;
			sourceTree = "<group>";
		};
		402C0D8C1C409D77007126B8 /* Topic */ = {
			isa = PBXGroup;
			children = (
				40364CF81C4D19340019B3F0 /* DZYTopicViewController.h */,
				40364CF91C4D19340019B3F0 /* DZYTopicViewController.m */,
				402C0D8D1C409DB9007126B8 /* DZYAllViewController.h */,
				402C0D8E1C409DB9007126B8 /* DZYAllViewController.m */,
				402C0D901C409DE6007126B8 /* DZYVideoViewController.h */,
				402C0D911C409DE6007126B8 /* DZYVideoViewController.m */,
				402C0D931C409E01007126B8 /* DZYVoiceViewController.h */,
				402C0D941C409E01007126B8 /* DZYVoiceViewController.m */,
				402C0D961C409E0F007126B8 /* DZYPictureViewController.h */,
				402C0D971C409E0F007126B8 /* DZYPictureViewController.m */,
				402C0D991C409E17007126B8 /* DZYWordViewController.h */,
				402C0D9A1C409E17007126B8 /* DZYWordViewController.m */,
			);
			path = Topic;
			sourceTree = "<group>";
		};
		403494791C35846700C35E15 = {
			isa = PBXGroup;
			children = (
				403494841C35846700C35E15 /* budejie */,
				403494831C35846700C35E15 /* Products */,
				48CA1EEB20459D4973423A4F /* Pods */,
				84B9099682D52D40F7531CB2 /* Frameworks */,
			);
			sourceTree = "<group>";
		};
		403494831C35846700C35E15 /* Products */ = {
			isa = PBXGroup;
			children = (
				403494821C35846700C35E15 /* budejie.app */,
			);
			name = Products;
			sourceTree = "<group>";
		};
		403494841C35846700C35E15 /* budejie */ = {
			isa = PBXGroup;
			children = (
				4034949C1C35851500C35E15 /* Classes */,
				403494851C35846700C35E15 /* Supporting Files */,
			);
			path = budejie;
			sourceTree = "<group>";
		};
		403494851C35846700C35E15 /* Supporting Files */ = {
			isa = PBXGroup;
			children = (
				40CB03F11C3A959900D129ED /* 启动图片 */,
				403494911C35846700C35E15 /* Assets.xcassets */,
				403494961C35846700C35E15 /* Info.plist */,
			);
			name = "Supporting Files";
			sourceTree = "<group>";
		};
		4034949C1C35851500C35E15 /* Classes */ = {
			isa = PBXGroup;
			children = (
				40D335791C3A548900DDA008 /* Ad(广告) */,
				40D843261C3A1EBD00986EC6 /* Setting(设置) */,
				4034949D1C35851500C35E15 /* Essence(精华) */,
				403494A11C35851500C35E15 /* FriendTrends(关注) */,
				403494A51C35851500C35E15 /* Me(我) */,
				403494A91C35851500C35E15 /* New(新帖) */,
				403494B91C35851500C35E15 /* Publish(发布) */,
				403494B61C35851500C35E15 /* Public(公共库) */,
				403494AD1C35851500C35E15 /* Other(其它) */,
			);
			path = Classes;
			sourceTree = "<group>";
		};
		4034949D1C35851500C35E15 /* Essence(精华) */ = {
			isa = PBXGroup;
			children = (
				4034949E1C35851500C35E15 /* Controller */,
				4034949F1C35851500C35E15 /* Model */,
				403494A01C35851500C35E15 /* View */,
				4000A4AB1C490C0700F29E19 /* Tool */,
			);
			path = "Essence(精华)";
			sourceTree = "<group>";
		};
		4034949E1C35851500C35E15 /* Controller */ = {
			isa = PBXGroup;
			children = (
				402C0D8C1C409D77007126B8 /* Topic */,
				403494C71C358F3700C35E15 /* DZYEssenceViewController.h */,
				403494C81C358F3700C35E15 /* DZYEssenceViewController.m */,
				40364CF31C4D07B80019B3F0 /* DZYSeeBigPictureViewController.h */,
				40364CF41C4D07B80019B3F0 /* DZYSeeBigPictureViewController.m */,
				40364CF51C4D07B80019B3F0 /* DZYSeeBigPictureViewController.xib */,
				40D1471D1C6872010074ED97 /* DZYCommentViewController.h */,
				40D1471E1C6872010074ED97 /* DZYCommentViewController.m */,
				40D1471F1C6872010074ED97 /* DZYCommentViewController.xib */,
			);
			path = Controller;
			sourceTree = "<group>";
		};
		4034949F1C35851500C35E15 /* Model */ = {
			isa = PBXGroup;
			children = (
				402C0DBF1C412F66007126B8 /* DZYTopicModel.h */,
				402C0DC01C412F66007126B8 /* DZYTopicModel.m */,
			);
			path = Model;
			sourceTree = "<group>";
		};
		403494A01C35851500C35E15 /* View */ = {
			isa = PBXGroup;
			children = (
				40F58AEF1C3F5B8F006FFD29 /* DZYTitleButton.h */,
				40F58AF01C3F5B8F006FFD29 /* DZYTitleButton.m */,
				401A5E501C451CF600F913C6 /* DZYTopicCell.h */,
				401A5E511C451CF600F913C6 /* DZYTopicCell.m */,
				401A5E521C451CF600F913C6 /* DZYTopicCell.xib */,
				40377E861C74A9F800FB1E64 /* DZYCommentCell.h */,
				40377E871C74A9F800FB1E64 /* DZYCommentCell.m */,
				40377E881C74A9F800FB1E64 /* DZYCommentCell.xib */,
				4071AF451C4BE4BA0045044C /* DZYTopicPictureView.h */,
				4071AF461C4BE4BA0045044C /* DZYTopicPictureView.m */,
				4071AF481C4BE4CC0045044C /* DZYTopicPictureView.xib */,
				4071AF4A1C4BE5040045044C /* DZYTopicVoiceView.h */,
				4071AF4B1C4BE5040045044C /* DZYTopicVoiceView.m */,
				4071AF4D1C4BE50D0045044C /* DZYTopicVoiceView.xib */,
				4071AF4F1C4BE5310045044C /* DZYTopicVideoView.h */,
				4071AF501C4BE5310045044C /* DZYTopicVideoView.m */,
				4071AF521C4BE53A0045044C /* DZYTopicVideoView.xib */,
			);
			path = View;
			sourceTree = "<group>";
		};
		403494A11C35851500C35E15 /* FriendTrends(关注) */ = {
			isa = PBXGroup;
			children = (
				403494A21C35851500C35E15 /* Controller */,
				403494A31C35851500C35E15 /* Model */,
				403494A41C35851500C35E15 /* View */,
			);
			path = "FriendTrends(关注)";
			sourceTree = "<group>";
		};
		403494A21C35851500C35E15 /* Controller */ = {
			isa = PBXGroup;
			children = (
				403494CA1C358F4B00C35E15 /* DZYFriendTrendsViewController.h */,
				403494CB1C358F4B00C35E15 /* DZYFriendTrendsViewController.m */,
				40880D6F1C3B9C3100BB34BE /* DZYFriendTrendsViewController.xib */,
				40880D991C3BA70200BB34BE /* DZYLoginRegisterViewController.h */,
				40880D9A1C3BA70200BB34BE /* DZYLoginRegisterViewController.m */,
				40880D9B1C3BA70200BB34BE /* DZYLoginRegisterViewController.xib */,
				409C20801C57346F00B3CA9C /* DZYRecommentFollowViewController.h */,
				409C20811C57346F00B3CA9C /* DZYRecommentFollowViewController.m */,
				409C20821C57346F00B3CA9C /* DZYRecommentFollowViewController.xib */,
			);
			path = Controller;
			sourceTree = "<group>";
		};
		403494A31C35851500C35E15 /* Model */ = {
			isa = PBXGroup;
			children = (
			);
			path = Model;
			sourceTree = "<group>";
		};
		403494A41C35851500C35E15 /* View */ = {
			isa = PBXGroup;
			children = (
				4081ABC71C3DFBB800A6D86D /* DZYLoginRegisterView.h */,
				4081ABC81C3DFBB800A6D86D /* DZYLoginRegisterView.m */,
				4081ABCA1C3DFBCE00A6D86D /* DZYLoginRegisterView.xib */,
				40A143231C3E82AD00367AAA /* DZYFastLoginView.h */,
				40A143241C3E82AD00367AAA /* DZYFastLoginView.m */,
				40A143261C3E82CF00367AAA /* DZYFastLoginView.xib */,
				40A143281C3E870800367AAA /* DZYFastLoginButton.h */,
				40A143291C3E870800367AAA /* DZYFastLoginButton.m */,
				40A1432B1C3E89D000367AAA /* DZYInputTextField.h */,
				40A1432C1C3E89D000367AAA /* DZYInputTextField.m */,
				409C20851C57398A00B3CA9C /* DZYCategroyCell.h */,
				409C20861C57398A00B3CA9C /* DZYCategroyCell.m */,
				409C20871C57398A00B3CA9C /* DZYCategroyCell.xib */,
				409C208A1C573C1C00B3CA9C /* DZYUserCell.h */,
				409C208B1C573C1C00B3CA9C /* DZYUserCell.m */,
				409C208C1C573C1C00B3CA9C /* DZYUserCell.xib */,
			);
			path = View;
			sourceTree = "<group>";
		};
		403494A51C35851500C35E15 /* Me(我) */ = {
			isa = PBXGroup;
			children = (
				403494A61C35851500C35E15 /* Controller */,
				403494A71C35851500C35E15 /* Model */,
				403494A81C35851500C35E15 /* View */,
			);
			path = "Me(我)";
			sourceTree = "<group>";
		};
		403494A61C35851500C35E15 /* Controller */ = {
			isa = PBXGroup;
			children = (
				403494CD1C358F5B00C35E15 /* DZYMeViewController.h */,
				403494CE1C358F5B00C35E15 /* DZYMeViewController.m */,
				40A143311C3EADDE00367AAA /* DZYMeViewController.storyboard */,
				40A1433B1C3EC93F00367AAA /* DZYHtmlViewController.h */,
				40A1433C1C3EC93F00367AAA /* DZYHtmlViewController.m */,
				40A1433D1C3EC93F00367AAA /* DZYHtmlViewController.xib */,
			);
			path = Controller;
			sourceTree = "<group>";
		};
		403494A71C35851500C35E15 /* Model */ = {
			isa = PBXGroup;
			children = (
				40A143381C3EBD3500367AAA /* DZYSquareModel.h */,
				40A143391C3EBD3500367AAA /* DZYSquareModel.m */,
			);
			path = Model;
			sourceTree = "<group>";
		};
		403494A81C35851500C35E15 /* View */ = {
			isa = PBXGroup;
			children = (
				40A143331C3EB8CF00367AAA /* DZYSquareCell.h */,
				40A143341C3EB8CF00367AAA /* DZYSquareCell.m */,
				40A143351C3EB8CF00367AAA /* DZYSquareCell.xib */,
			);
			path = View;
			sourceTree = "<group>";
		};
		403494A91C35851500C35E15 /* New(新帖) */ = {
			isa = PBXGroup;
			children = (
				403494AA1C35851500C35E15 /* Controller */,
				403494AB1C35851500C35E15 /* Model */,
				403494AC1C35851500C35E15 /* View */,
			);
			path = "New(新帖)";
			sourceTree = "<group>";
		};
		403494AA1C35851500C35E15 /* Controller */ = {
			isa = PBXGroup;
			children = (
				403494D01C358F6B00C35E15 /* DZYNewViewController.h */,
				403494D11C358F6B00C35E15 /* DZYNewViewController.m */,
				40880D641C3B593500BB34BE /* DZYSubTagViewController.h */,
				40880D651C3B593500BB34BE /* DZYSubTagViewController.m */,
			);
			path = Controller;
			sourceTree = "<group>";
		};
		403494AB1C35851500C35E15 /* Model */ = {
			isa = PBXGroup;
			children = (
				40880D671C3B5FD300BB34BE /* DZYTagModel.h */,
				40880D681C3B5FD300BB34BE /* DZYTagModel.m */,
			);
			path = Model;
			sourceTree = "<group>";
		};
		403494AC1C35851500C35E15 /* View */ = {
			isa = PBXGroup;
			children = (
				40880D6A1C3B698600BB34BE /* DZYTagCell.h */,
				40880D6B1C3B698600BB34BE /* DZYTagCell.m */,
				40880D6C1C3B698600BB34BE /* DZYTagCell.xib */,
			);
			path = View;
			sourceTree = "<group>";
		};
		403494AD1C35851500C35E15 /* Other(其它) */ = {
			isa = PBXGroup;
			children = (
				403494B01C35851500C35E15 /* Controller */,
				403494B41C35851500C35E15 /* Model */,
				403494B51C35851500C35E15 /* View */,
				403494AE1C35851500C35E15 /* AppDelegate.h */,
				403494AF1C35851500C35E15 /* AppDelegate.m */,
				403494B31C35851500C35E15 /* main.m */,
				403494C01C358A5500C35E15 /* PrefixHeader.pch */,
				40CB03EB1C3A861800D129ED /* DZYConst.h */,
				40CB03EC1C3A861800D129ED /* DZYConst.m */,
			);
			path = "Other(其它)";
			sourceTree = "<group>";
		};
		403494B01C35851500C35E15 /* Controller */ = {
			isa = PBXGroup;
			children = (
				403494B11C35851500C35E15 /* DZYTabBarViewController.h */,
				403494B21C35851500C35E15 /* DZYTabBarViewController.m */,
				40D843231C3A1BE200986EC6 /* DZYNavigationController.h */,
				40D843241C3A1BE200986EC6 /* DZYNavigationController.m */,
			);
			path = Controller;
			sourceTree = "<group>";
		};
		403494B41C35851500C35E15 /* Model */ = {
			isa = PBXGroup;
			children = (
			);
			path = Model;
			sourceTree = "<group>";
		};
		403494B51C35851500C35E15 /* View */ = {
			isa = PBXGroup;
			children = (
				403494D61C35964F00C35E15 /* DZYTabBar.h */,
				403494D71C35964F00C35E15 /* DZYTabBar.m */,
				40364D011C4D2D700019B3F0 /* DZYHeader.h */,
				40364D021C4D2D700019B3F0 /* DZYHeader.m */,
				40364D071C4D34110019B3F0 /* DZYFooter.h */,
				40364D081C4D34110019B3F0 /* DZYFooter.m */,
			);
			path = View;
			sourceTree = "<group>";
		};
		403494B61C35851500C35E15 /* Public(公共库) */ = {
			isa = PBXGroup;
			children = (
				40A538241C3FD96700F939F5 /* FileCache */,
				403494B71C35851500C35E15 /* Category */,
				403494B81C35851500C35E15 /* HttpTool */,
			);
			path = "Public(公共库)";
			sourceTree = "<group>";
		};
		403494B71C35851500C35E15 /* Category */ = {
			isa = PBXGroup;
			children = (
				403494C11C358C5100C35E15 /* UIColor+Hex.h */,
				403494C21C358C5100C35E15 /* UIColor+Hex.m */,
				403494C41C358C5C00C35E15 /* UIImage+Image.h */,
				403494C51C358C5C00C35E15 /* UIImage+Image.m */,
				403494D91C359A2C00C35E15 /* UIView+DZYExtension.h */,
				403494DA1C359A2C00C35E15 /* UIView+DZYExtension.m */,
				40D843201C3A129300986EC6 /* UIBarButtonItem+DZYExtension.h */,
				40D843211C3A129300986EC6 /* UIBarButtonItem+DZYExtension.m */,
				40810CA51C3AD0A00080A9FA /* MBProgressHUD+MJ.h */,
				40810CA61C3AD0A00080A9FA /* MBProgressHUD+MJ.m */,
				40810CA81C3AD0EE0080A9FA /* NSString+Extension.h */,
				40810CA91C3AD0EE0080A9FA /* NSString+Extension.m */,
				40A1432E1C3EA67500367AAA /* UITextField+Placeholder.h */,
				40A1432F1C3EA67500367AAA /* UITextField+Placeholder.m */,
				401A5E551C4528F300F913C6 /* UIImageView+Header.h */,
				401A5E561C4528F300F913C6 /* UIImageView+Header.m */,
				401A5E581C4671BD00F913C6 /* NSCalendar+Init.h */,
				401A5E591C4671BD00F913C6 /* NSCalendar+Init.m */,
				401A5E5B1C46725400F913C6 /* NSDate+Interval.h */,
				401A5E5C1C46725400F913C6 /* NSDate+Interval.m */,
				4071AF541C4BE9DD0045044C /* UIImageView+Download.h */,
				4071AF551C4BE9DD0045044C /* UIImageView+Download.m */,
			);
			path = Category;
			sourceTree = "<group>";
		};
		403494B81C35851500C35E15 /* HttpTool */ = {
			isa = PBXGroup;
			children = (
				408A87A31C394516006D0908 /* HttpRequest.h */,
				408A87A41C394516006D0908 /* HttpRequest.m */,
			);
			path = HttpTool;
			sourceTree = "<group>";
		};
		403494B91C35851500C35E15 /* Publish(发布) */ = {
			isa = PBXGroup;
			children = (
				403494BA1C35851500C35E15 /* Controller */,
				403494BB1C35851500C35E15 /* Model */,
				403494BC1C35851500C35E15 /* View */,
			);
			path = "Publish(发布)";
			sourceTree = "<group>";
		};
		403494BA1C35851500C35E15 /* Controller */ = {
			isa = PBXGroup;
			children = (
				403494D31C358F7800C35E15 /* DZYPublishViewController.h */,
				403494D41C358F7800C35E15 /* DZYPublishViewController.m */,
				40364D0A1C4D5CD00019B3F0 /* DZYPublishViewController.xib */,
				401C121F1C4E4CB9006C4690 /* DZYPostWordViewController.h */,
				401C12201C4E4CB9006C4690 /* DZYPostWordViewController.m */,
				401C122A1C4EA15B006C4690 /* DZYAddTagViewController.h */,
				401C122B1C4EA15B006C4690 /* DZYAddTagViewController.m */,
			);
			path = Controller;
			sourceTree = "<group>";
		};
		403494BB1C35851500C35E15 /* Model */ = {
			isa = PBXGroup;
			children = (
			);
			path = Model;
			sourceTree = "<group>";
		};
		403494BC1C35851500C35E15 /* View */ = {
			isa = PBXGroup;
			children = (
				401C121C1C4E2274006C4690 /* DZYPublishButton.h */,
				401C121D1C4E2274006C4690 /* DZYPublishButton.m */,
				401C12221C4E59B8006C4690 /* DZYPlaceholderTextView.h */,
				401C12231C4E59B8006C4690 /* DZYPlaceholderTextView.m */,
				401C12251C4E8B6F006C4690 /* DZYPostWordToolBar.h */,
				401C12261C4E8B6F006C4690 /* DZYPostWordToolBar.m */,
				401C12281C4E8B85006C4690 /* DZYPostWordToolBar.xib */,
				4079B5D21C4FDE370061B210 /* DZYTagButton.h */,
				4079B5D31C4FDE370061B210 /* DZYTagButton.m */,
				4001F2211C512AAA00C4E00C /* DZYTextField.h */,
				4001F2221C512AAA00C4E00C /* DZYTextField.m */,
			);
			path = View;
			sourceTree = "<group>";
		};
		40A538241C3FD96700F939F5 /* FileCache */ = {
			isa = PBXGroup;
			children = (
				40A538251C3FD99600F939F5 /* DZYFileCacheManager.h */,
				40A538261C3FD99600F939F5 /* DZYFileCacheManager.m */,
			);
			path = FileCache;
			sourceTree = "<group>";
		};
		40CB03F11C3A959900D129ED /* 启动图片 */ = {
			isa = PBXGroup;
			children = (
				40CB03F21C3A959900D129ED /* LaunchImage-568h@2x.png */,
				40CB03F31C3A959900D129ED /* LaunchImage-700-568h@2x.png */,
				40CB03F41C3A959900D129ED /* LaunchImage-700@2x.png */,
				40CB03F51C3A959900D129ED /* LaunchImage-800-667h@2x.png */,
				40CB03F61C3A959900D129ED /* LaunchImage-800-Portrait-736h@3x.png */,
				40CB03F71C3A959900D129ED /* LaunchImage.png */,
				40CB03F81C3A959900D129ED /* LaunchImage@2x.png */,
			);
			path = "启动图片";
			sourceTree = "<group>";
		};
		40D335791C3A548900DDA008 /* Ad(广告) */ = {
			isa = PBXGroup;
			children = (
				40D3357A1C3A548900DDA008 /* Controller */,
				40D3357B1C3A548900DDA008 /* Model */,
				40D3357C1C3A548900DDA008 /* View */,
			);
			path = "Ad(广告)";
			sourceTree = "<group>";
		};
		40D3357A1C3A548900DDA008 /* Controller */ = {
			isa = PBXGroup;
			children = (
				40D3357D1C3A54A500DDA008 /* DZYAdViewController.h */,
				40D3357E1C3A54A500DDA008 /* DZYAdViewController.m */,
				40D3357F1C3A54A500DDA008 /* DZYAdViewController.xib */,
			);
			path = Controller;
			sourceTree = "<group>";
		};
		40D3357B1C3A548900DDA008 /* Model */ = {
			isa = PBXGroup;
			children = (
				40CB03EE1C3A8C6800D129ED /* DZYAdModal.h */,
				40CB03EF1C3A8C6800D129ED /* DZYAdModal.m */,
			);
			path = Model;
			sourceTree = "<group>";
		};
		40D3357C1C3A548900DDA008 /* View */ = {
			isa = PBXGroup;
			children = (
			);
			path = View;
			sourceTree = "<group>";
		};
		40D843261C3A1EBD00986EC6 /* Setting(设置) */ = {
			isa = PBXGroup;
			children = (
				40D843271C3A1EBD00986EC6 /* Controller */,
				40D843281C3A1EBD00986EC6 /* Model */,
				40D843291C3A1EBD00986EC6 /* View */,
			);
			path = "Setting(设置)";
			sourceTree = "<group>";
		};
		40D843271C3A1EBD00986EC6 /* Controller */ = {
			isa = PBXGroup;
			children = (
				40D8432A1C3A1EF200986EC6 /* DZYSettingViewController.h */,
				40D8432B1C3A1EF200986EC6 /* DZYSettingViewController.m */,
			);
			path = Controller;
			sourceTree = "<group>";
		};
		40D843281C3A1EBD00986EC6 /* Model */ = {
			isa = PBXGroup;
			children = (
			);
			path = Model;
			sourceTree = "<group>";
		};
		40D843291C3A1EBD00986EC6 /* View */ = {
			isa = PBXGroup;
			children = (
			);
			path = View;
			sourceTree = "<group>";
		};
		48CA1EEB20459D4973423A4F /* Pods */ = {
			isa = PBXGroup;
			children = (
				C29A3CA166483454F8CD7AFB /* Pods.debug.xcconfig */,
				868E32A6A843F6968728DDC1 /* Pods.release.xcconfig */,
			);
			name = Pods;
			sourceTree = "<group>";
		};
		84B9099682D52D40F7531CB2 /* Frameworks */ = {
			isa = PBXGroup;
			children = (
				40A538221C3FD04D00F939F5 /* WebKit.framework */,
				DDFD1D51BABE6FD16007577A /* libPods.a */,
			);
			name = Frameworks;
			sourceTree = "<group>";
		};
/* End PBXGroup section */

/* Begin PBXNativeTarget section */
		403494811C35846700C35E15 /* budejie */ = {
			isa = PBXNativeTarget;
			buildConfigurationList = 403494991C35846700C35E15 /* Build configuration list for PBXNativeTarget "budejie" */;
			buildPhases = (
				271851F79FFE05BAE3D0B842 /* Check Pods Manifest.lock */,
				4034947E1C35846700C35E15 /* Sources */,
				4034947F1C35846700C35E15 /* Frameworks */,
				403494801C35846700C35E15 /* Resources */,
				8576F05AA79765B212CC7C22 /* Embed Pods Frameworks */,
				B30D1B57F25AD180DFB0632F /* Copy Pods Resources */,
			);
			buildRules = (
			);
			dependencies = (
			);
			name = budejie;
			productName = budejie;
			productReference = 403494821C35846700C35E15 /* budejie.app */;
			productType = "com.apple.product-type.application";
		};
/* End PBXNativeTarget section */

/* Begin PBXProject section */
		4034947A1C35846700C35E15 /* Project object */ = {
			isa = PBXProject;
			attributes = {
				CLASSPREFIX = DZY;
				LastUpgradeCheck = 0720;
				ORGANIZATIONNAME = "董震宇";
				TargetAttributes = {
					403494811C35846700C35E15 = {
						CreatedOnToolsVersion = 7.2;
						DevelopmentTeam = 39B76WFXQL;
					};
				};
			};
			buildConfigurationList = 4034947D1C35846700C35E15 /* Build configuration list for PBXProject "budejie" */;
			compatibilityVersion = "Xcode 3.2";
			developmentRegion = English;
			hasScannedForEncodings = 0;
			knownRegions = (
				en,
				Base,
			);
			mainGroup = 403494791C35846700C35E15;
			productRefGroup = 403494831C35846700C35E15 /* Products */;
			projectDirPath = "";
			projectRoot = "";
			targets = (
				403494811C35846700C35E15 /* budejie */,
			);
		};
/* End PBXProject section */

/* Begin PBXResourcesBuildPhase section */
		403494801C35846700C35E15 /* Resources */ = {
			isa = PBXResourcesBuildPhase;
			buildActionMask = 2147483647;
			files = (
				40880D6E1C3B698600BB34BE /* DZYTagCell.xib in Resources */,
				401C12291C4E8B85006C4690 /* DZYPostWordToolBar.xib in Resources */,
				4071AF491C4BE4CC0045044C /* DZYTopicPictureView.xib in Resources */,
				401A5E541C451CF600F913C6 /* DZYTopicCell.xib in Resources */,
				40A1433F1C3EC93F00367AAA /* DZYHtmlViewController.xib in Resources */,
				40CB03FE1C3A959900D129ED /* LaunchImage.png in Resources */,
				40CB03FF1C3A959900D129ED /* LaunchImage@2x.png in Resources */,
				40880D9D1C3BA70200BB34BE /* DZYLoginRegisterViewController.xib in Resources */,
				409C20891C57398A00B3CA9C /* DZYCategroyCell.xib in Resources */,
				40A143271C3E82CF00367AAA /* DZYFastLoginView.xib in Resources */,
				403494921C35846700C35E15 /* Assets.xcassets in Resources */,
				40CB03FC1C3A959900D129ED /* LaunchImage-800-667h@2x.png in Resources */,
				4000A4B61C490C3F00F29E19 /* fx_top_normal@2x.png in Resources */,
				40CB03F91C3A959900D129ED /* LaunchImage-568h@2x.png in Resources */,
				40364CF71C4D07B80019B3F0 /* DZYSeeBigPictureViewController.xib in Resources */,
				4071AF531C4BE53A0045044C /* DZYTopicVideoView.xib in Resources */,
				4000A4B81C490C3F00F29E19 /* fx_top_pressed@2x.png in Resources */,
				409C20841C57346F00B3CA9C /* DZYRecommentFollowViewController.xib in Resources */,
				4081ABCB1C3DFBCE00A6D86D /* DZYLoginRegisterView.xib in Resources */,
				40A143321C3EADDE00367AAA /* DZYMeViewController.storyboard in Resources */,
				40A143371C3EB8CF00367AAA /* DZYSquareCell.xib in Resources */,
				40377E8A1C74A9F800FB1E64 /* DZYCommentCell.xib in Resources */,
				409C208E1C573C1C00B3CA9C /* DZYUserCell.xib in Resources */,
				40D147211C6872010074ED97 /* DZYCommentViewController.xib in Resources */,
				4000A4B71C490C3F00F29E19 /* fx_top_normal@3x.png in Resources */,
				4000A4B91C490C3F00F29E19 /* fx_top_pressed@3x.png in Resources */,
				40CB03FB1C3A959900D129ED /* LaunchImage-700@2x.png in Resources */,
				40364D0B1C4D5CD00019B3F0 /* DZYPublishViewController.xib in Resources */,
				40CB03FA1C3A959900D129ED /* LaunchImage-700-568h@2x.png in Resources */,
				40D335811C3A54A500DDA008 /* DZYAdViewController.xib in Resources */,
				4071AF4E1C4BE50D0045044C /* DZYTopicVoiceView.xib in Resources */,
				40880D701C3B9C3100BB34BE /* DZYFriendTrendsViewController.xib in Resources */,
				40CB03FD1C3A959900D129ED /* LaunchImage-800-Portrait-736h@3x.png in Resources */,
			);
			runOnlyForDeploymentPostprocessing = 0;
		};
/* End PBXResourcesBuildPhase section */

/* Begin PBXShellScriptBuildPhase section */
		271851F79FFE05BAE3D0B842 /* Check Pods Manifest.lock */ = {
			isa = PBXShellScriptBuildPhase;
			buildActionMask = 2147483647;
			files = (
			);
			inputPaths = (
			);
			name = "Check Pods Manifest.lock";
			outputPaths = (
			);
			runOnlyForDeploymentPostprocessing = 0;
			shellPath = /bin/sh;
			shellScript = "diff \"${PODS_ROOT}/../Podfile.lock\" \"${PODS_ROOT}/Manifest.lock\" > /dev/null\nif [[ $? != 0 ]] ; then\n    cat << EOM\nerror: The sandbox is not in sync with the Podfile.lock. Run 'pod install' or update your CocoaPods installation.\nEOM\n    exit 1\nfi\n";
			showEnvVarsInLog = 0;
		};
		8576F05AA79765B212CC7C22 /* Embed Pods Frameworks */ = {
			isa = PBXShellScriptBuildPhase;
			buildActionMask = 2147483647;
			files = (
			);
			inputPaths = (
			);
			name = "Embed Pods Frameworks";
			outputPaths = (
			);
			runOnlyForDeploymentPostprocessing = 0;
			shellPath = /bin/sh;
			shellScript = "\"${SRCROOT}/Pods/Target Support Files/Pods/Pods-frameworks.sh\"\n";
			showEnvVarsInLog = 0;
		};
		B30D1B57F25AD180DFB0632F /* Copy Pods Resources */ = {
			isa = PBXShellScriptBuildPhase;
			buildActionMask = 2147483647;
			files = (
			);
			inputPaths = (
			);
			name = "Copy Pods Resources";
			outputPaths = (
			);
			runOnlyForDeploymentPostprocessing = 0;
			shellPath = /bin/sh;
			shellScript = "\"${SRCROOT}/Pods/Target Support Files/Pods/Pods-resources.sh\"\n";
			showEnvVarsInLog = 0;
		};
/* End PBXShellScriptBuildPhase section */

/* Begin PBXSourcesBuildPhase section */
		4034947E1C35846700C35E15 /* Sources */ = {
			isa = PBXSourcesBuildPhase;
			buildActionMask = 2147483647;
			files = (
				401A5E571C4528F300F913C6 /* UIImageView+Header.m in Sources */,
				403494DB1C359A2C00C35E15 /* UIView+DZYExtension.m in Sources */,
				403494CF1C358F5B00C35E15 /* DZYMeViewController.m in Sources */,
				40880D691C3B5FD300BB34BE /* DZYTagModel.m in Sources */,
				40A143301C3EA67500367AAA /* UITextField+Placeholder.m in Sources */,
				40A1433A1C3EBD3500367AAA /* DZYSquareModel.m in Sources */,
				403494D81C35964F00C35E15 /* DZYTabBar.m in Sources */,
				40A538271C3FD99600F939F5 /* DZYFileCacheManager.m in Sources */,
				4001F2231C512AAA00C4E00C /* DZYTextField.m in Sources */,
				40364CFA1C4D19340019B3F0 /* DZYTopicViewController.m in Sources */,
				403494BD1C35851500C35E15 /* AppDelegate.m in Sources */,
				40880D9C1C3BA70200BB34BE /* DZYLoginRegisterViewController.m in Sources */,
				4071AF4C1C4BE5040045044C /* DZYTopicVoiceView.m in Sources */,
				40CB03F01C3A8C6800D129ED /* DZYAdModal.m in Sources */,
				4079B5D41C4FDE370061B210 /* DZYTagButton.m in Sources */,
				409C20831C57346F00B3CA9C /* DZYRecommentFollowViewController.m in Sources */,
				402C0DC11C412F66007126B8 /* DZYTopicModel.m in Sources */,
				401C12271C4E8B6F006C4690 /* DZYPostWordToolBar.m in Sources */,
				4081ABC91C3DFBB800A6D86D /* DZYLoginRegisterView.m in Sources */,
				40D335801C3A54A500DDA008 /* DZYAdViewController.m in Sources */,
				401A5E5A1C4671BD00F913C6 /* NSCalendar+Init.m in Sources */,
				402C0D8F1C409DB9007126B8 /* DZYAllViewController.m in Sources */,
				40364D031C4D2D700019B3F0 /* DZYHeader.m in Sources */,
				401A5E5D1C46725400F913C6 /* NSDate+Interval.m in Sources */,
				401C121E1C4E2274006C4690 /* DZYPublishButton.m in Sources */,
				402C0D981C409E0F007126B8 /* DZYPictureViewController.m in Sources */,
				401C122C1C4EA15B006C4690 /* DZYAddTagViewController.m in Sources */,
				401C12241C4E59B8006C4690 /* DZYPlaceholderTextView.m in Sources */,
				40364D091C4D34110019B3F0 /* DZYFooter.m in Sources */,
				403494CC1C358F4B00C35E15 /* DZYFriendTrendsViewController.m in Sources */,
				403494C61C358C5C00C35E15 /* UIImage+Image.m in Sources */,
				4071AF561C4BE9DD0045044C /* UIImageView+Download.m in Sources */,
				403494C31C358C5100C35E15 /* UIColor+Hex.m in Sources */,
				403494D21C358F6B00C35E15 /* DZYNewViewController.m in Sources */,
				40A1432A1C3E870800367AAA /* DZYFastLoginButton.m in Sources */,
				4071AF511C4BE5310045044C /* DZYTopicVideoView.m in Sources */,
				40A1432D1C3E89D000367AAA /* DZYInputTextField.m in Sources */,
				401C12211C4E4CB9006C4690 /* DZYPostWordViewController.m in Sources */,
				40D843251C3A1BE200986EC6 /* DZYNavigationController.m in Sources */,
				40D8432C1C3A1EF200986EC6 /* DZYSettingViewController.m in Sources */,
				402C0D951C409E01007126B8 /* DZYVoiceViewController.m in Sources */,
				403494D51C358F7800C35E15 /* DZYPublishViewController.m in Sources */,
				401A5E531C451CF600F913C6 /* DZYTopicCell.m in Sources */,
				4000A4B11C490C1900F29E19 /* DDBackTopButton.m in Sources */,
				402C0D921C409DE6007126B8 /* DZYVideoViewController.m in Sources */,
				40A1433E1C3EC93F00367AAA /* DZYHtmlViewController.m in Sources */,
				40810CAA1C3AD0EE0080A9FA /* NSString+Extension.m in Sources */,
				403494BE1C35851500C35E15 /* DZYTabBarViewController.m in Sources */,
				402C0D9B1C409E17007126B8 /* DZYWordViewController.m in Sources */,
				40CB03ED1C3A861800D129ED /* DZYConst.m in Sources */,
				40F58AF11C3F5B8F006FFD29 /* DZYTitleButton.m in Sources */,
				40377E891C74A9F800FB1E64 /* DZYCommentCell.m in Sources */,
				40364CF61C4D07B80019B3F0 /* DZYSeeBigPictureViewController.m in Sources */,
				40D843221C3A129300986EC6 /* UIBarButtonItem+DZYExtension.m in Sources */,
				40880D6D1C3B698600BB34BE /* DZYTagCell.m in Sources */,
				4000A4B01C490C1900F29E19 /* UIScrollView+DDBackTop.m in Sources */,
				409C208D1C573C1C00B3CA9C /* DZYUserCell.m in Sources */,
				40810CA71C3AD0A00080A9FA /* MBProgressHUD+MJ.m in Sources */,
				40A143251C3E82AD00367AAA /* DZYFastLoginView.m in Sources */,
				403494BF1C35851500C35E15 /* main.m in Sources */,
				408A87A51C394516006D0908 /* HttpRequest.m in Sources */,
				40D147201C6872010074ED97 /* DZYCommentViewController.m in Sources */,
				40880D661C3B593500BB34BE /* DZYSubTagViewController.m in Sources */,
				4071AF471C4BE4BA0045044C /* DZYTopicPictureView.m in Sources */,
				403494C91C358F3700C35E15 /* DZYEssenceViewController.m in Sources */,
				40A143361C3EB8CF00367AAA /* DZYSquareCell.m in Sources */,
				409C20881C57398A00B3CA9C /* DZYCategroyCell.m in Sources */,
			);
			runOnlyForDeploymentPostprocessing = 0;
		};
/* End PBXSourcesBuildPhase section */

/* Begin XCBuildConfiguration section */
		403494971C35846700C35E15 /* Debug */ = {
			isa = XCBuildConfiguration;
			buildSettings = {
				ALWAYS_SEARCH_USER_PATHS = NO;
				CLANG_CXX_LANGUAGE_STANDARD = "gnu++0x";
				CLANG_CXX_LIBRARY = "libc++";
				CLANG_ENABLE_MODULES = YES;
				CLANG_ENABLE_OBJC_ARC = YES;
				CLANG_WARN_BOOL_CONVERSION = YES;
				CLANG_WARN_CONSTANT_CONVERSION = YES;
				CLANG_WARN_DIRECT_OBJC_ISA_USAGE = YES_ERROR;
				CLANG_WARN_EMPTY_BODY = YES;
				CLANG_WARN_ENUM_CONVERSION = YES;
				CLANG_WARN_INT_CONVERSION = YES;
				CLANG_WARN_OBJC_ROOT_CLASS = YES_ERROR;
				CLANG_WARN_UNREACHABLE_CODE = YES;
				CLANG_WARN__DUPLICATE_METHOD_MATCH = YES;
				"CODE_SIGN_IDENTITY[sdk=iphoneos*]" = "iPhone Developer";
				COPY_PHASE_STRIP = NO;
				DEBUG_INFORMATION_FORMAT = dwarf;
				ENABLE_STRICT_OBJC_MSGSEND = YES;
				ENABLE_TESTABILITY = YES;
				GCC_C_LANGUAGE_STANDARD = gnu99;
				GCC_DYNAMIC_NO_PIC = NO;
				GCC_NO_COMMON_BLOCKS = YES;
				GCC_OPTIMIZATION_LEVEL = 0;
				GCC_PREFIX_HEADER = "budejie/Classes/Other(其它)/PrefixHeader.pch";
				GCC_PREPROCESSOR_DEFINITIONS = (
					"DEBUG=1",
					"$(inherited)",
				);
				GCC_WARN_64_TO_32_BIT_CONVERSION = YES;
				GCC_WARN_ABOUT_RETURN_TYPE = YES_ERROR;
				GCC_WARN_UNDECLARED_SELECTOR = YES;
				GCC_WARN_UNINITIALIZED_AUTOS = YES_AGGRESSIVE;
				GCC_WARN_UNUSED_FUNCTION = YES;
				GCC_WARN_UNUSED_VARIABLE = YES;
				IPHONEOS_DEPLOYMENT_TARGET = 7.1;
				MTL_ENABLE_DEBUG_INFO = YES;
				ONLY_ACTIVE_ARCH = YES;
				SDKROOT = iphoneos;
			};
			name = Debug;
		};
		403494981C35846700C35E15 /* Release */ = {
			isa = XCBuildConfiguration;
			buildSettings = {
				ALWAYS_SEARCH_USER_PATHS = NO;
				CLANG_CXX_LANGUAGE_STANDARD = "gnu++0x";
				CLANG_CXX_LIBRARY = "libc++";
				CLANG_ENABLE_MODULES = YES;
				CLANG_ENABLE_OBJC_ARC = YES;
				CLANG_WARN_BOOL_CONVERSION = YES;
				CLANG_WARN_CONSTANT_CONVERSION = YES;
				CLANG_WARN_DIRECT_OBJC_ISA_USAGE = YES_ERROR;
				CLANG_WARN_EMPTY_BODY = YES;
				CLANG_WARN_ENUM_CONVERSION = YES;
				CLANG_WARN_INT_CONVERSION = YES;
				CLANG_WARN_OBJC_ROOT_CLASS = YES_ERROR;
				CLANG_WARN_UNREACHABLE_CODE = YES;
				CLANG_WARN__DUPLICATE_METHOD_MATCH = YES;
				"CODE_SIGN_IDENTITY[sdk=iphoneos*]" = "iPhone Developer";
				COPY_PHASE_STRIP = NO;
				DEBUG_INFORMATION_FORMAT = "dwarf-with-dsym";
				ENABLE_NS_ASSERTIONS = NO;
				ENABLE_STRICT_OBJC_MSGSEND = YES;
				GCC_C_LANGUAGE_STANDARD = gnu99;
				GCC_NO_COMMON_BLOCKS = YES;
				GCC_PREFIX_HEADER = "budejie/Classes/Other(其它)/PrefixHeader.pch";
				GCC_WARN_64_TO_32_BIT_CONVERSION = YES;
				GCC_WARN_ABOUT_RETURN_TYPE = YES_ERROR;
				GCC_WARN_UNDECLARED_SELECTOR = YES;
				GCC_WARN_UNINITIALIZED_AUTOS = YES_AGGRESSIVE;
				GCC_WARN_UNUSED_FUNCTION = YES;
				GCC_WARN_UNUSED_VARIABLE = YES;
				IPHONEOS_DEPLOYMENT_TARGET = 7.1;
				MTL_ENABLE_DEBUG_INFO = NO;
				SDKROOT = iphoneos;
				VALIDATE_PRODUCT = YES;
			};
			name = Release;
		};
		4034949A1C35846700C35E15 /* Debug */ = {
			isa = XCBuildConfiguration;
			baseConfigurationReference = C29A3CA166483454F8CD7AFB /* Pods.debug.xcconfig */;
			buildSettings = {
				ASSETCATALOG_COMPILER_APPICON_NAME = AppIcon;
				ASSETCATALOG_COMPILER_LAUNCHIMAGE_NAME = "Brand Assets";
				CODE_SIGN_IDENTITY = "iPhone Developer";
				GCC_PRECOMPILE_PREFIX_HEADER = NO;
				INFOPLIST_FILE = budejie/Info.plist;
				LD_RUNPATH_SEARCH_PATHS = "$(inherited) @executable_path/Frameworks";
				PRODUCT_BUNDLE_IDENTIFIER = com.hehemian.budejie;
				PRODUCT_NAME = "$(TARGET_NAME)";
			};
			name = Debug;
		};
		4034949B1C35846700C35E15 /* Release */ = {
			isa = XCBuildConfiguration;
			baseConfigurationReference = 868E32A6A843F6968728DDC1 /* Pods.release.xcconfig */;
			buildSettings = {
				ASSETCATALOG_COMPILER_APPICON_NAME = AppIcon;
				ASSETCATALOG_COMPILER_LAUNCHIMAGE_NAME = "Brand Assets";
				CODE_SIGN_IDENTITY = "iPhone Developer";
				GCC_PRECOMPILE_PREFIX_HEADER = NO;
				INFOPLIST_FILE = budejie/Info.plist;
				LD_RUNPATH_SEARCH_PATHS = "$(inherited) @executable_path/Frameworks";
				PRODUCT_BUNDLE_IDENTIFIER = com.hehemian.budejie;
				PRODUCT_NAME = "$(TARGET_NAME)";
			};
			name = Release;
		};
/* End XCBuildConfiguration section */

/* Begin XCConfigurationList section */
		4034947D1C35846700C35E15 /* Build configuration list for PBXProject "budejie" */ = {
			isa = XCConfigurationList;
			buildConfigurations = (
				403494971C35846700C35E15 /* Debug */,
				403494981C35846700C35E15 /* Release */,
			);
			defaultConfigurationIsVisible = 0;
			defaultConfigurationName = Release;
		};
		403494991C35846700C35E15 /* Build configuration list for PBXNativeTarget "budejie" */ = {
			isa = XCConfigurationList;
			buildConfigurations = (
				4034949A1C35846700C35E15 /* Debug */,
				4034949B1C35846700C35E15 /* Release */,
			);
			defaultConfigurationIsVisible = 0;
			defaultConfigurationName = Release;
		};
/* End XCConfigurationList section */
	};
	rootObject = 4034947A1C35846700C35E15 /* Project object */;
}
